// !$*UTF8*$!
{
	archiveVersion = 1;
	classes = {
	};
	objectVersion = 46;
	objects = {

/* Begin PBXBuildFile section */
		970344C41F126E7F00BFE0F1 /* IPDFCameraViewController.m in Sources */ = {isa = PBXBuildFile; fileRef = 970344C31F126E7F00BFE0F1 /* IPDFCameraViewController.m */; };
		970344C61F12729800BFE0F1 /* focusIndicator@2x.png in Resources */ = {isa = PBXBuildFile; fileRef = 970344C51F12729800BFE0F1 /* focusIndicator@2x.png */; };
		9739D11C1F0DA5AB00DEEE45 /* opencv2.framework in Frameworks */ = {isa = PBXBuildFile; fileRef = 9739D11B1F0DA5AB00DEEE45 /* opencv2.framework */; };
		9739D11D1F0DA5AB00DEEE45 /* opencv2.framework in Frameworks */ = {isa = PBXBuildFile; fileRef = 9739D11B1F0DA5AB00DEEE45 /* opencv2.framework */; };
		9739D11F1F0DA7F100DEEE45 /* libjpeg.a in Frameworks */ = {isa = PBXBuildFile; fileRef = 9739D11E1F0DA7F100DEEE45 /* libjpeg.a */; };
		9739D1201F0DA7F100DEEE45 /* libjpeg.a in Frameworks */ = {isa = PBXBuildFile; fileRef = 9739D11E1F0DA7F100DEEE45 /* libjpeg.a */; };
		9739D1221F0DA84700DEEE45 /* libstdc++.tbd in Frameworks */ = {isa = PBXBuildFile; fileRef = 9739D1211F0DA84700DEEE45 /* libstdc++.tbd */; };
		9739D1231F0DA85500DEEE45 /* CoreImage.framework in Frameworks */ = {isa = PBXBuildFile; fileRef = 9753BC931EFA091400593950 /* CoreImage.framework */; };
		9739D1251F0DA85A00DEEE45 /* AssetsLibrary.framework in Frameworks */ = {isa = PBXBuildFile; fileRef = 9739D1241F0DA85A00DEEE45 /* AssetsLibrary.framework */; };
		9739D1271F0DA86500DEEE45 /* CoreGraphics.framework in Frameworks */ = {isa = PBXBuildFile; fileRef = 9739D1261F0DA86500DEEE45 /* CoreGraphics.framework */; };
		9739D1281F0DA88300DEEE45 /* libstdc++.tbd in Frameworks */ = {isa = PBXBuildFile; fileRef = 9739D1211F0DA84700DEEE45 /* libstdc++.tbd */; };
		9739D1291F0DA88900DEEE45 /* AssetsLibrary.framework in Frameworks */ = {isa = PBXBuildFile; fileRef = 9739D1241F0DA85A00DEEE45 /* AssetsLibrary.framework */; };
		9739D12A1F0DA88F00DEEE45 /* CoreGraphics.framework in Frameworks */ = {isa = PBXBuildFile; fileRef = 9739D1261F0DA86500DEEE45 /* CoreGraphics.framework */; };
		9739D1391F0DF43D00DEEE45 /* MMCropView.m in Sources */ = {isa = PBXBuildFile; fileRef = 9739D12D1F0DF43D00DEEE45 /* MMCropView.m */; };
		9739D13A1F0DF43D00DEEE45 /* MMCropView.m in Sources */ = {isa = PBXBuildFile; fileRef = 9739D12D1F0DF43D00DEEE45 /* MMCropView.m */; };
		9739D13B1F0DF43D00DEEE45 /* MMOpenCVHelper.mm in Sources */ = {isa = PBXBuildFile; fileRef = 9739D12F1F0DF43D00DEEE45 /* MMOpenCVHelper.mm */; };
		9739D13C1F0DF43D00DEEE45 /* MMOpenCVHelper.mm in Sources */ = {isa = PBXBuildFile; fileRef = 9739D12F1F0DF43D00DEEE45 /* MMOpenCVHelper.mm */; };
		9739D13D1F0DF43D00DEEE45 /* MTGeometry.c in Sources */ = {isa = PBXBuildFile; fileRef = 9739D1301F0DF43D00DEEE45 /* MTGeometry.c */; };
		9739D13E1F0DF43D00DEEE45 /* MTGeometry.c in Sources */ = {isa = PBXBuildFile; fileRef = 9739D1301F0DF43D00DEEE45 /* MTGeometry.c */; };
		9739D13F1F0DF43D00DEEE45 /* UIColor+HexRepresentation.m in Sources */ = {isa = PBXBuildFile; fileRef = 9739D1341F0DF43D00DEEE45 /* UIColor+HexRepresentation.m */; };
		9739D1401F0DF43D00DEEE45 /* UIColor+HexRepresentation.m in Sources */ = {isa = PBXBuildFile; fileRef = 9739D1341F0DF43D00DEEE45 /* UIColor+HexRepresentation.m */; };
		9739D1411F0DF43D00DEEE45 /* UIImage+fixOrientation.m in Sources */ = {isa = PBXBuildFile; fileRef = 9739D1361F0DF43D00DEEE45 /* UIImage+fixOrientation.m */; };
		9739D1421F0DF43D00DEEE45 /* UIImage+fixOrientation.m in Sources */ = {isa = PBXBuildFile; fileRef = 9739D1361F0DF43D00DEEE45 /* UIImage+fixOrientation.m */; };
		9739D1431F0DF43D00DEEE45 /* UIImageView+ContentFrame.m in Sources */ = {isa = PBXBuildFile; fileRef = 9739D1381F0DF43D00DEEE45 /* UIImageView+ContentFrame.m */; };
		9739D1441F0DF43D00DEEE45 /* UIImageView+ContentFrame.m in Sources */ = {isa = PBXBuildFile; fileRef = 9739D1381F0DF43D00DEEE45 /* UIImageView+ContentFrame.m */; };
		973A80E31EFFAF7B00C00D1C /* UMMobClick.framework in Frameworks */ = {isa = PBXBuildFile; fileRef = 973A80E21EFFAF7B00C00D1C /* UMMobClick.framework */; };
		973A80E41EFFAF7B00C00D1C /* UMMobClick.framework in Frameworks */ = {isa = PBXBuildFile; fileRef = 973A80E21EFFAF7B00C00D1C /* UMMobClick.framework */; };
		973A80E61EFFAFA700C00D1C /* CoreTelephony.framework in Frameworks */ = {isa = PBXBuildFile; fileRef = 973A80E51EFFAFA700C00D1C /* CoreTelephony.framework */; };
		973A80E81EFFAFAC00C00D1C /* libz.tbd in Frameworks */ = {isa = PBXBuildFile; fileRef = 973A80E71EFFAFAC00C00D1C /* libz.tbd */; };
		973A80EA1EFFAFC700C00D1C /* libsqlite3.tbd in Frameworks */ = {isa = PBXBuildFile; fileRef = 973A80E91EFFAFC700C00D1C /* libsqlite3.tbd */; };
		975215391EF9F746009272B2 /* ActionViewController.m in Sources */ = {isa = PBXBuildFile; fileRef = 975215381EF9F746009272B2 /* ActionViewController.m */; };
		9752153C1EF9F746009272B2 /* MainInterface.storyboard in Resources */ = {isa = PBXBuildFile; fileRef = 9752153A1EF9F746009272B2 /* MainInterface.storyboard */; };
		975215401EF9F746009272B2 /* PhotoInAlbumOCR.appex in Embed App Extensions */ = {isa = PBXBuildFile; fileRef = 975215351EF9F746009272B2 /* PhotoInAlbumOCR.appex */; settings = {ATTRIBUTES = (RemoveHeadersOnCopy, ); }; };
		9753BC4F1EFA067900593950 /* AipOcrService.m in Sources */ = {isa = PBXBuildFile; fileRef = 9753BC1C1EFA067900593950 /* AipOcrService.m */; };
		9753BC501EFA067900593950 /* Info.plist in Resources */ = {isa = PBXBuildFile; fileRef = 9753BC1D1EFA067900593950 /* Info.plist */; };
		9753BC511EFA067900593950 /* IOSpeScaleLayoutButton.m in Sources */ = {isa = PBXBuildFile; fileRef = 9753BC1F1EFA067900593950 /* IOSpeScaleLayoutButton.m */; };
		9753BC521EFA067900593950 /* IOSpeScaleLayoutConstraint.m in Sources */ = {isa = PBXBuildFile; fileRef = 9753BC211EFA067900593950 /* IOSpeScaleLayoutConstraint.m */; };
		9753BC531EFA067900593950 /* IOSpeScaleLayoutLabel.m in Sources */ = {isa = PBXBuildFile; fileRef = 9753BC231EFA067900593950 /* IOSpeScaleLayoutLabel.m */; };
		9753BC541EFA067900593950 /* AipCameraPreviewView.m in Sources */ = {isa = PBXBuildFile; fileRef = 9753BC271EFA067900593950 /* AipCameraPreviewView.m */; };
		9753BC551EFA067900593950 /* AipCutImageView.m in Sources */ = {isa = PBXBuildFile; fileRef = 9753BC291EFA067900593950 /* AipCutImageView.m */; };
		9753BC561EFA067900593950 /* AipImageView.m in Sources */ = {isa = PBXBuildFile; fileRef = 9753BC2B1EFA067900593950 /* AipImageView.m */; };
		9753BC571EFA067900593950 /* AipCameraController.m in Sources */ = {isa = PBXBuildFile; fileRef = 9753BC2E1EFA067900593950 /* AipCameraController.m */; };
		9753BC581EFA067900593950 /* AipCaptureCardVC.m in Sources */ = {isa = PBXBuildFile; fileRef = 9753BC301EFA067900593950 /* AipCaptureCardVC.m */; };
		9753BC591EFA067900593950 /* AipGeneralVC.mm in Sources */ = {isa = PBXBuildFile; fileRef = 9753BC321EFA067900593950 /* AipGeneralVC.mm */; };
		9753BC5A1EFA067900593950 /* AipNavigationController.m in Sources */ = {isa = PBXBuildFile; fileRef = 9753BC341EFA067900593950 /* AipNavigationController.m */; };
		9753BC5B1EFA067900593950 /* ResultViewController.m in Sources */ = {isa = PBXBuildFile; fileRef = 9753BC361EFA067900593950 /* ResultViewController.m */; };
		9753BC601EFA07FC00593950 /* AipOcrSdk.storyboard in Resources */ = {isa = PBXBuildFile; fileRef = 9753BC5F1EFA07FC00593950 /* AipOcrSdk.storyboard */; };
		9753BC7C1EFA084100593950 /* copyText@3x.png in Resources */ = {isa = PBXBuildFile; fileRef = 9753BC621EFA084100593950 /* copyText@3x.png */; };
		9753BC7D1EFA084100593950 /* guan@2x.png in Resources */ = {isa = PBXBuildFile; fileRef = 9753BC641EFA084100593950 /* guan@2x.png */; };
		9753BC7E1EFA084100593950 /* guan@3x.png in Resources */ = {isa = PBXBuildFile; fileRef = 9753BC651EFA084100593950 /* guan@3x.png */; };
		9753BC7F1EFA084100593950 /* queding@2x.png in Resources */ = {isa = PBXBuildFile; fileRef = 9753BC661EFA084100593950 /* queding@2x.png */; };
		9753BC801EFA084100593950 /* queding@3x.png in Resources */ = {isa = PBXBuildFile; fileRef = 9753BC671EFA084100593950 /* queding@3x.png */; };
		9753BC811EFA084100593950 /* xuanzhuan@2x.png in Resources */ = {isa = PBXBuildFile; fileRef = 9753BC681EFA084100593950 /* xuanzhuan@2x.png */; };
		9753BC821EFA084100593950 /* xuanzhuan@3x.png in Resources */ = {isa = PBXBuildFile; fileRef = 9753BC691EFA084100593950 /* xuanzhuan@3x.png */; };
		9753BC831EFA084100593950 /* dengpao@2x.png in Resources */ = {isa = PBXBuildFile; fileRef = 9753BC6B1EFA084100593950 /* dengpao@2x.png */; };
		9753BC841EFA084100593950 /* dengpao@3x.png in Resources */ = {isa = PBXBuildFile; fileRef = 9753BC6C1EFA084100593950 /* dengpao@3x.png */; };
		9753BC851EFA084100593950 /* dengpao_dianjihou@2x.png in Resources */ = {isa = PBXBuildFile; fileRef = 9753BC6D1EFA084100593950 /* dengpao_dianjihou@2x.png */; };
		9753BC861EFA084100593950 /* dengpao_dianjihou@3x.png in Resources */ = {isa = PBXBuildFile; fileRef = 9753BC6E1EFA084100593950 /* dengpao_dianjihou@3x.png */; };
		9753BC871EFA084100593950 /* guanbi@2x.png in Resources */ = {isa = PBXBuildFile; fileRef = 9753BC6F1EFA084100593950 /* guanbi@2x.png */; };
		9753BC881EFA084100593950 /* guanbi@3x.png in Resources */ = {isa = PBXBuildFile; fileRef = 9753BC701EFA084100593950 /* guanbi@3x.png */; };
		9753BC891EFA084100593950 /* paizhaoanniu@2x.png in Resources */ = {isa = PBXBuildFile; fileRef = 9753BC711EFA084100593950 /* paizhaoanniu@2x.png */; };
		9753BC8A1EFA084100593950 /* paizhaoanniu@3x.png in Resources */ = {isa = PBXBuildFile; fileRef = 9753BC721EFA084100593950 /* paizhaoanniu@3x.png */; };
		9753BC8B1EFA084100593950 /* paizhaoanniu_dianjihou@2x.png in Resources */ = {isa = PBXBuildFile; fileRef = 9753BC731EFA084100593950 /* paizhaoanniu_dianjihou@2x.png */; };
		9753BC8C1EFA084100593950 /* paizhaoanniu_dianjihou@3x.png in Resources */ = {isa = PBXBuildFile; fileRef = 9753BC741EFA084100593950 /* paizhaoanniu_dianjihou@3x.png */; };
		9753BC8D1EFA084100593950 /* tuku@2x.png in Resources */ = {isa = PBXBuildFile; fileRef = 9753BC751EFA084100593950 /* tuku@2x.png */; };
		9753BC8E1EFA084100593950 /* tuku@3x.png in Resources */ = {isa = PBXBuildFile; fileRef = 9753BC761EFA084100593950 /* tuku@3x.png */; };
		9753BC8F1EFA084100593950 /* xuxian@2x.png in Resources */ = {isa = PBXBuildFile; fileRef = 9753BC771EFA084100593950 /* xuxian@2x.png */; };
		9753BC901EFA084100593950 /* xuxian@3x.png in Resources */ = {isa = PBXBuildFile; fileRef = 9753BC781EFA084100593950 /* xuxian@3x.png */; };
		9753BC911EFA084100593950 /* Page 1@2x.png in Resources */ = {isa = PBXBuildFile; fileRef = 9753BC7A1EFA084100593950 /* Page 1@2x.png */; };
		9753BC921EFA084100593950 /* Page 1@3x.png in Resources */ = {isa = PBXBuildFile; fileRef = 9753BC7B1EFA084100593950 /* Page 1@3x.png */; };
		9753BC941EFA091400593950 /* CoreImage.framework in Frameworks */ = {isa = PBXBuildFile; fileRef = 9753BC931EFA091400593950 /* CoreImage.framework */; };
		9753BC961EFA091900593950 /* UIKit.framework in Frameworks */ = {isa = PBXBuildFile; fileRef = 9753BC951EFA091900593950 /* UIKit.framework */; };
		9753BC981EFA091F00593950 /* CoreFoundation.framework in Frameworks */ = {isa = PBXBuildFile; fileRef = 9753BC971EFA091F00593950 /* CoreFoundation.framework */; };
		9753BC9A1EFA092300593950 /* Foundation.framework in Frameworks */ = {isa = PBXBuildFile; fileRef = 9753BC991EFA092300593950 /* Foundation.framework */; };
		97ADFDB01EFA57B400C5E461 /* AipBase.framework in Embed Frameworks */ = {isa = PBXBuildFile; fileRef = 97FEE1801EFA578900D3585E /* AipBase.framework */; settings = {ATTRIBUTES = (CodeSignOnCopy, RemoveHeadersOnCopy, ); }; };
		97ADFDD11EFA5B7500C5E461 /* SVIndefiniteAnimatedView.m in Sources */ = {isa = PBXBuildFile; fileRef = 97ADFDC81EFA5B7500C5E461 /* SVIndefiniteAnimatedView.m */; };
		97ADFDD21EFA5B7500C5E461 /* SVProgressAnimatedView.m in Sources */ = {isa = PBXBuildFile; fileRef = 97ADFDCA1EFA5B7500C5E461 /* SVProgressAnimatedView.m */; };
		97ADFDD31EFA5B7500C5E461 /* SVProgressHUD.bundle in Resources */ = {isa = PBXBuildFile; fileRef = 97ADFDCC1EFA5B7500C5E461 /* SVProgressHUD.bundle */; };
		97ADFDD41EFA5B7500C5E461 /* SVProgressHUD.m in Sources */ = {isa = PBXBuildFile; fileRef = 97ADFDCE1EFA5B7500C5E461 /* SVProgressHUD.m */; };
		97ADFDD51EFA5B7500C5E461 /* SVRadialGradientLayer.m in Sources */ = {isa = PBXBuildFile; fileRef = 97ADFDD01EFA5B7500C5E461 /* SVRadialGradientLayer.m */; };
		97ADFE3E1EFAB0E500C5E461 /* IQNSArray+Sort.m in Sources */ = {isa = PBXBuildFile; fileRef = 97ADFE1C1EFAB0E500C5E461 /* IQNSArray+Sort.m */; };
		97ADFE3F1EFAB0E500C5E461 /* IQUIScrollView+Additions.m in Sources */ = {isa = PBXBuildFile; fileRef = 97ADFE1E1EFAB0E500C5E461 /* IQUIScrollView+Additions.m */; };
		97ADFE401EFAB0E500C5E461 /* IQUITextFieldView+Additions.m in Sources */ = {isa = PBXBuildFile; fileRef = 97ADFE201EFAB0E500C5E461 /* IQUITextFieldView+Additions.m */; };
		97ADFE411EFAB0E500C5E461 /* IQUIView+Hierarchy.m in Sources */ = {isa = PBXBuildFile; fileRef = 97ADFE221EFAB0E500C5E461 /* IQUIView+Hierarchy.m */; };
		97ADFE421EFAB0E500C5E461 /* IQUIViewController+Additions.m in Sources */ = {isa = PBXBuildFile; fileRef = 97ADFE241EFAB0E500C5E461 /* IQUIViewController+Additions.m */; };
		97ADFE431EFAB0E500C5E461 /* IQUIWindow+Hierarchy.m in Sources */ = {isa = PBXBuildFile; fileRef = 97ADFE261EFAB0E500C5E461 /* IQUIWindow+Hierarchy.m */; };
		97ADFE441EFAB0E500C5E461 /* IQKeyboardManager.m in Sources */ = {isa = PBXBuildFile; fileRef = 97ADFE2B1EFAB0E500C5E461 /* IQKeyboardManager.m */; };
		97ADFE451EFAB0E500C5E461 /* IQKeyboardReturnKeyHandler.m in Sources */ = {isa = PBXBuildFile; fileRef = 97ADFE2D1EFAB0E500C5E461 /* IQKeyboardReturnKeyHandler.m */; };
		97ADFE461EFAB0E500C5E461 /* IQTextView.m in Sources */ = {isa = PBXBuildFile; fileRef = 97ADFE301EFAB0E500C5E461 /* IQTextView.m */; };
		97ADFE471EFAB0E500C5E461 /* IQBarButtonItem.m in Sources */ = {isa = PBXBuildFile; fileRef = 97ADFE331EFAB0E500C5E461 /* IQBarButtonItem.m */; };
		97ADFE481EFAB0E500C5E461 /* IQPreviousNextView.m in Sources */ = {isa = PBXBuildFile; fileRef = 97ADFE351EFAB0E500C5E461 /* IQPreviousNextView.m */; };
		97ADFE491EFAB0E500C5E461 /* IQTitleBarButtonItem.m in Sources */ = {isa = PBXBuildFile; fileRef = 97ADFE371EFAB0E500C5E461 /* IQTitleBarButtonItem.m */; };
		97ADFE4A1EFAB0E500C5E461 /* IQToolbar.m in Sources */ = {isa = PBXBuildFile; fileRef = 97ADFE391EFAB0E500C5E461 /* IQToolbar.m */; };
		97ADFE4B1EFAB0E500C5E461 /* IQUIView+IQKeyboardToolbar.m in Sources */ = {isa = PBXBuildFile; fileRef = 97ADFE3B1EFAB0E500C5E461 /* IQUIView+IQKeyboardToolbar.m */; };
		97ADFE4C1EFAB0E500C5E461 /* IQKeyboardManager.bundle in Resources */ = {isa = PBXBuildFile; fileRef = 97ADFE3D1EFAB0E500C5E461 /* IQKeyboardManager.bundle */; };
		97ADFE551EFAC5C300C5E461 /* Assets.xcassets in Resources */ = {isa = PBXBuildFile; fileRef = FFDAF4231E49C99000AB65B7 /* Assets.xcassets */; };
		97ADFE561EFAC5C500C5E461 /* Assets.xcassets in Resources */ = {isa = PBXBuildFile; fileRef = FFDAF4231E49C99000AB65B7 /* Assets.xcassets */; };
		97D0552C1F1073E70018D843 /* CoreMotion.framework in Frameworks */ = {isa = PBXBuildFile; fileRef = 97D0552B1F1073E70018D843 /* CoreMotion.framework */; };
		97FEE16E1EFA0B6F00D3585E /* AipOcrSdk.framework in Embed Frameworks */ = {isa = PBXBuildFile; fileRef = 9753BC371EFA067900593950 /* AipOcrSdk.framework */; settings = {ATTRIBUTES = (CodeSignOnCopy, RemoveHeadersOnCopy, ); }; };
		97FEE1731EFA143700D3585E /* AipCutImageEXView.m in Sources */ = {isa = PBXBuildFile; fileRef = 97FEE1701EFA143700D3585E /* AipCutImageEXView.m */; };
		97FEE1741EFA143700D3585E /* AipImageEXView.m in Sources */ = {isa = PBXBuildFile; fileRef = 97FEE1721EFA143700D3585E /* AipImageEXView.m */; };
		97FEE1791EFA1F7900D3585E /* surebtn@2x.png in Resources */ = {isa = PBXBuildFile; fileRef = 97FEE1751EFA1F7900D3585E /* surebtn@2x.png */; };
		97FEE17A1EFA1F7900D3585E /* surebtn@3x.png in Resources */ = {isa = PBXBuildFile; fileRef = 97FEE1761EFA1F7900D3585E /* surebtn@3x.png */; };
		97FEE17B1EFA1F7900D3585E /* trans@2x.png in Resources */ = {isa = PBXBuildFile; fileRef = 97FEE1771EFA1F7900D3585E /* trans@2x.png */; };
		97FEE17C1EFA1F7900D3585E /* trans@3x.png in Resources */ = {isa = PBXBuildFile; fileRef = 97FEE1781EFA1F7900D3585E /* trans@3x.png */; };
		FFDAF4191E49C99000AB65B7 /* main.m in Sources */ = {isa = PBXBuildFile; fileRef = FFDAF4181E49C99000AB65B7 /* main.m */; };
		FFDAF41C1E49C99000AB65B7 /* AppDelegate.m in Sources */ = {isa = PBXBuildFile; fileRef = FFDAF41B1E49C99000AB65B7 /* AppDelegate.m */; };
		FFDAF41F1E49C99000AB65B7 /* ViewController.m in Sources */ = {isa = PBXBuildFile; fileRef = FFDAF41E1E49C99000AB65B7 /* ViewController.m */; };
		FFDAF4221E49C99000AB65B7 /* Main.storyboard in Resources */ = {isa = PBXBuildFile; fileRef = FFDAF4201E49C99000AB65B7 /* Main.storyboard */; };
		FFDAF4271E49C99000AB65B7 /* LaunchScreen.storyboard in Resources */ = {isa = PBXBuildFile; fileRef = FFDAF4251E49C99000AB65B7 /* LaunchScreen.storyboard */; };
/* End PBXBuildFile section */

/* Begin PBXContainerItemProxy section */
		9752153E1EF9F746009272B2 /* PBXContainerItemProxy */ = {
			isa = PBXContainerItemProxy;
			containerPortal = FFDAF40C1E49C99000AB65B7 /* Project object */;
			proxyType = 1;
			remoteGlobalIDString = 975215341EF9F746009272B2;
			remoteInfo = PhotoInAlbumOCR;
		};
/* End PBXContainerItemProxy section */

/* Begin PBXCopyFilesBuildPhase section */
		978549791EF7A97500D621C5 /* Embed App Extensions */ = {
			isa = PBXCopyFilesBuildPhase;
			buildActionMask = 2147483647;
			dstPath = "";
			dstSubfolderSpec = 13;
			files = (
				975215401EF9F746009272B2 /* PhotoInAlbumOCR.appex in Embed App Extensions */,
			);
			name = "Embed App Extensions";
			runOnlyForDeploymentPostprocessing = 0;
		};
		FF877C1B1E56A41000A62EED /* Embed Frameworks */ = {
			isa = PBXCopyFilesBuildPhase;
			buildActionMask = 2147483647;
			dstPath = "";
			dstSubfolderSpec = 10;
			files = (
				97ADFDB01EFA57B400C5E461 /* AipBase.framework in Embed Frameworks */,
				97FEE16E1EFA0B6F00D3585E /* AipOcrSdk.framework in Embed Frameworks */,
			);
			name = "Embed Frameworks";
			runOnlyForDeploymentPostprocessing = 0;
		};
/* End PBXCopyFilesBuildPhase section */

/* Begin PBXFileReference section */
		970344C21F126E7F00BFE0F1 /* IPDFCameraViewController.h */ = {isa = PBXFileReference; fileEncoding = 4; lastKnownFileType = sourcecode.c.h; path = IPDFCameraViewController.h; sourceTree = "<group>"; };
		970344C31F126E7F00BFE0F1 /* IPDFCameraViewController.m */ = {isa = PBXFileReference; fileEncoding = 4; lastKnownFileType = sourcecode.c.objc; path = IPDFCameraViewController.m; sourceTree = "<group>"; };
		970344C51F12729800BFE0F1 /* focusIndicator@2x.png */ = {isa = PBXFileReference; lastKnownFileType = image.png; path = "focusIndicator@2x.png"; sourceTree = "<group>"; };
		9727A5A51EF4E9CE00E63E99 /* PrefixHeader.pch */ = {isa = PBXFileReference; fileEncoding = 4; lastKnownFileType = sourcecode.c.h; path = PrefixHeader.pch; sourceTree = "<group>"; };
		9727A5AA1EF513F700E63E99 /* zh-Hans */ = {isa = PBXFileReference; lastKnownFileType = text.plist.strings; name = "zh-Hans"; path = "zh-Hans.lproj/Main.strings"; sourceTree = "<group>"; };
		9727A5AB1EF513F700E63E99 /* zh-Hans */ = {isa = PBXFileReference; lastKnownFileType = text.plist.strings; name = "zh-Hans"; path = "zh-Hans.lproj/LaunchScreen.strings"; sourceTree = "<group>"; };
		9739D11B1F0DA5AB00DEEE45 /* opencv2.framework */ = {isa = PBXFileReference; lastKnownFileType = wrapper.framework; path = opencv2.framework; sourceTree = "<group>"; };
		9739D11E1F0DA7F100DEEE45 /* libjpeg.a */ = {isa = PBXFileReference; lastKnownFileType = archive.ar; path = libjpeg.a; sourceTree = "<group>"; };
		9739D1211F0DA84700DEEE45 /* libstdc++.tbd */ = {isa = PBXFileReference; lastKnownFileType = "sourcecode.text-based-dylib-definition"; name = "libstdc++.tbd"; path = "usr/lib/libstdc++.tbd"; sourceTree = SDKROOT; };
		9739D1241F0DA85A00DEEE45 /* AssetsLibrary.framework */ = {isa = PBXFileReference; lastKnownFileType = wrapper.framework; name = AssetsLibrary.framework; path = System/Library/Frameworks/AssetsLibrary.framework; sourceTree = SDKROOT; };
		9739D1261F0DA86500DEEE45 /* CoreGraphics.framework */ = {isa = PBXFileReference; lastKnownFileType = wrapper.framework; name = CoreGraphics.framework; path = System/Library/Frameworks/CoreGraphics.framework; sourceTree = SDKROOT; };
		9739D12C1F0DF43D00DEEE45 /* MMCropView.h */ = {isa = PBXFileReference; fileEncoding = 4; lastKnownFileType = sourcecode.c.h; path = MMCropView.h; sourceTree = "<group>"; };
		9739D12D1F0DF43D00DEEE45 /* MMCropView.m */ = {isa = PBXFileReference; fileEncoding = 4; lastKnownFileType = sourcecode.c.objc; path = MMCropView.m; sourceTree = "<group>"; };
		9739D12E1F0DF43D00DEEE45 /* MMOpenCVHelper.h */ = {isa = PBXFileReference; fileEncoding = 4; lastKnownFileType = sourcecode.c.h; path = MMOpenCVHelper.h; sourceTree = "<group>"; };
		9739D12F1F0DF43D00DEEE45 /* MMOpenCVHelper.mm */ = {isa = PBXFileReference; fileEncoding = 4; lastKnownFileType = sourcecode.cpp.objcpp; path = MMOpenCVHelper.mm; sourceTree = "<group>"; };
		9739D1301F0DF43D00DEEE45 /* MTGeometry.c */ = {isa = PBXFileReference; fileEncoding = 4; lastKnownFileType = sourcecode.c.c; path = MTGeometry.c; sourceTree = "<group>"; };
		9739D1311F0DF43D00DEEE45 /* MTGeometry.h */ = {isa = PBXFileReference; fileEncoding = 4; lastKnownFileType = sourcecode.c.h; path = MTGeometry.h; sourceTree = "<group>"; };
		9739D1331F0DF43D00DEEE45 /* UIColor+HexRepresentation.h */ = {isa = PBXFileReference; fileEncoding = 4; lastKnownFileType = sourcecode.c.h; path = "UIColor+HexRepresentation.h"; sourceTree = "<group>"; };
		9739D1341F0DF43D00DEEE45 /* UIColor+HexRepresentation.m */ = {isa = PBXFileReference; fileEncoding = 4; lastKnownFileType = sourcecode.c.objc; path = "UIColor+HexRepresentation.m"; sourceTree = "<group>"; };
		9739D1351F0DF43D00DEEE45 /* UIImage+fixOrientation.h */ = {isa = PBXFileReference; fileEncoding = 4; lastKnownFileType = sourcecode.c.h; path = "UIImage+fixOrientation.h"; sourceTree = "<group>"; };
		9739D1361F0DF43D00DEEE45 /* UIImage+fixOrientation.m */ = {isa = PBXFileReference; fileEncoding = 4; lastKnownFileType = sourcecode.c.objc; path = "UIImage+fixOrientation.m"; sourceTree = "<group>"; };
		9739D1371F0DF43D00DEEE45 /* UIImageView+ContentFrame.h */ = {isa = PBXFileReference; fileEncoding = 4; lastKnownFileType = sourcecode.c.h; path = "UIImageView+ContentFrame.h"; sourceTree = "<group>"; };
		9739D1381F0DF43D00DEEE45 /* UIImageView+ContentFrame.m */ = {isa = PBXFileReference; fileEncoding = 4; lastKnownFileType = sourcecode.c.objc; path = "UIImageView+ContentFrame.m"; sourceTree = "<group>"; };
		973A80E21EFFAF7B00C00D1C /* UMMobClick.framework */ = {isa = PBXFileReference; lastKnownFileType = wrapper.framework; path = UMMobClick.framework; sourceTree = "<group>"; };
		973A80E51EFFAFA700C00D1C /* CoreTelephony.framework */ = {isa = PBXFileReference; lastKnownFileType = wrapper.framework; name = CoreTelephony.framework; path = System/Library/Frameworks/CoreTelephony.framework; sourceTree = SDKROOT; };
		973A80E71EFFAFAC00C00D1C /* libz.tbd */ = {isa = PBXFileReference; lastKnownFileType = "sourcecode.text-based-dylib-definition"; name = libz.tbd; path = usr/lib/libz.tbd; sourceTree = SDKROOT; };
		973A80E91EFFAFC700C00D1C /* libsqlite3.tbd */ = {isa = PBXFileReference; lastKnownFileType = "sourcecode.text-based-dylib-definition"; name = libsqlite3.tbd; path = usr/lib/libsqlite3.tbd; sourceTree = SDKROOT; };
		975215351EF9F746009272B2 /* PhotoInAlbumOCR.appex */ = {isa = PBXFileReference; explicitFileType = "wrapper.app-extension"; includeInIndex = 0; path = PhotoInAlbumOCR.appex; sourceTree = BUILT_PRODUCTS_DIR; };
		975215371EF9F746009272B2 /* ActionViewController.h */ = {isa = PBXFileReference; lastKnownFileType = sourcecode.c.h; path = ActionViewController.h; sourceTree = "<group>"; };
		975215381EF9F746009272B2 /* ActionViewController.m */ = {isa = PBXFileReference; lastKnownFileType = sourcecode.c.objc; path = ActionViewController.m; sourceTree = "<group>"; };
		9752153B1EF9F746009272B2 /* Base */ = {isa = PBXFileReference; lastKnownFileType = file.storyboard; name = Base; path = Base.lproj/MainInterface.storyboard; sourceTree = "<group>"; };
		9752153D1EF9F746009272B2 /* Info.plist */ = {isa = PBXFileReference; lastKnownFileType = text.plist.xml; path = Info.plist; sourceTree = "<group>"; };
		9753BC191EFA067900593950 /* AipOcrDelegate.h */ = {isa = PBXFileReference; fileEncoding = 4; lastKnownFileType = sourcecode.c.h; path = AipOcrDelegate.h; sourceTree = "<group>"; };
		9753BC1A1EFA067900593950 /* AipOcrSdk.h */ = {isa = PBXFileReference; fileEncoding = 4; lastKnownFileType = sourcecode.c.h; path = AipOcrSdk.h; sourceTree = "<group>"; };
		9753BC1B1EFA067900593950 /* AipOcrService.h */ = {isa = PBXFileReference; fileEncoding = 4; lastKnownFileType = sourcecode.c.h; path = AipOcrService.h; sourceTree = "<group>"; };
		9753BC1C1EFA067900593950 /* AipOcrService.m */ = {isa = PBXFileReference; fileEncoding = 4; lastKnownFileType = sourcecode.c.objc; path = AipOcrService.m; sourceTree = "<group>"; };
		9753BC1D1EFA067900593950 /* Info.plist */ = {isa = PBXFileReference; fileEncoding = 4; lastKnownFileType = text.plist.xml; path = Info.plist; sourceTree = "<group>"; };
		9753BC1E1EFA067900593950 /* IOSpeScaleLayoutButton.h */ = {isa = PBXFileReference; fileEncoding = 4; lastKnownFileType = sourcecode.c.h; path = IOSpeScaleLayoutButton.h; sourceTree = "<group>"; };
		9753BC1F1EFA067900593950 /* IOSpeScaleLayoutButton.m */ = {isa = PBXFileReference; fileEncoding = 4; lastKnownFileType = sourcecode.c.objc; path = IOSpeScaleLayoutButton.m; sourceTree = "<group>"; };
		9753BC201EFA067900593950 /* IOSpeScaleLayoutConstraint.h */ = {isa = PBXFileReference; fileEncoding = 4; lastKnownFileType = sourcecode.c.h; path = IOSpeScaleLayoutConstraint.h; sourceTree = "<group>"; };
		9753BC211EFA067900593950 /* IOSpeScaleLayoutConstraint.m */ = {isa = PBXFileReference; fileEncoding = 4; lastKnownFileType = sourcecode.c.objc; path = IOSpeScaleLayoutConstraint.m; sourceTree = "<group>"; };
		9753BC221EFA067900593950 /* IOSpeScaleLayoutLabel.h */ = {isa = PBXFileReference; fileEncoding = 4; lastKnownFileType = sourcecode.c.h; path = IOSpeScaleLayoutLabel.h; sourceTree = "<group>"; };
		9753BC231EFA067900593950 /* IOSpeScaleLayoutLabel.m */ = {isa = PBXFileReference; fileEncoding = 4; lastKnownFileType = sourcecode.c.objc; path = IOSpeScaleLayoutLabel.m; sourceTree = "<group>"; };
		9753BC241EFA067900593950 /* TestImages.h */ = {isa = PBXFileReference; fileEncoding = 4; lastKnownFileType = sourcecode.c.h; path = TestImages.h; sourceTree = "<group>"; };
		9753BC261EFA067900593950 /* AipCameraPreviewView.h */ = {isa = PBXFileReference; fileEncoding = 4; lastKnownFileType = sourcecode.c.h; path = AipCameraPreviewView.h; sourceTree = "<group>"; };
		9753BC271EFA067900593950 /* AipCameraPreviewView.m */ = {isa = PBXFileReference; fileEncoding = 4; lastKnownFileType = sourcecode.c.objc; path = AipCameraPreviewView.m; sourceTree = "<group>"; };
		9753BC281EFA067900593950 /* AipCutImageView.h */ = {isa = PBXFileReference; fileEncoding = 4; lastKnownFileType = sourcecode.c.h; path = AipCutImageView.h; sourceTree = "<group>"; };
		9753BC291EFA067900593950 /* AipCutImageView.m */ = {isa = PBXFileReference; fileEncoding = 4; lastKnownFileType = sourcecode.c.objc; path = AipCutImageView.m; sourceTree = "<group>"; };
		9753BC2A1EFA067900593950 /* AipImageView.h */ = {isa = PBXFileReference; fileEncoding = 4; lastKnownFileType = sourcecode.c.h; path = AipImageView.h; sourceTree = "<group>"; };
		9753BC2B1EFA067900593950 /* AipImageView.m */ = {isa = PBXFileReference; fileEncoding = 4; lastKnownFileType = sourcecode.c.objc; path = AipImageView.m; sourceTree = "<group>"; };
		9753BC2D1EFA067900593950 /* AipCameraController.h */ = {isa = PBXFileReference; fileEncoding = 4; lastKnownFileType = sourcecode.c.h; path = AipCameraController.h; sourceTree = "<group>"; };
		9753BC2E1EFA067900593950 /* AipCameraController.m */ = {isa = PBXFileReference; fileEncoding = 4; lastKnownFileType = sourcecode.c.objc; path = AipCameraController.m; sourceTree = "<group>"; };
		9753BC2F1EFA067900593950 /* AipCaptureCardVC.h */ = {isa = PBXFileReference; fileEncoding = 4; lastKnownFileType = sourcecode.c.h; path = AipCaptureCardVC.h; sourceTree = "<group>"; };
		9753BC301EFA067900593950 /* AipCaptureCardVC.m */ = {isa = PBXFileReference; fileEncoding = 4; lastKnownFileType = sourcecode.c.objc; path = AipCaptureCardVC.m; sourceTree = "<group>"; };
		9753BC311EFA067900593950 /* AipGeneralVC.h */ = {isa = PBXFileReference; fileEncoding = 4; lastKnownFileType = sourcecode.c.h; path = AipGeneralVC.h; sourceTree = "<group>"; };
		9753BC321EFA067900593950 /* AipGeneralVC.mm */ = {isa = PBXFileReference; fileEncoding = 4; lastKnownFileType = sourcecode.cpp.objcpp; path = AipGeneralVC.mm; sourceTree = "<group>"; };
		9753BC331EFA067900593950 /* AipNavigationController.h */ = {isa = PBXFileReference; fileEncoding = 4; lastKnownFileType = sourcecode.c.h; path = AipNavigationController.h; sourceTree = "<group>"; };
		9753BC341EFA067900593950 /* AipNavigationController.m */ = {isa = PBXFileReference; fileEncoding = 4; lastKnownFileType = sourcecode.c.objc; path = AipNavigationController.m; sourceTree = "<group>"; };
		9753BC351EFA067900593950 /* ResultViewController.h */ = {isa = PBXFileReference; fileEncoding = 4; lastKnownFileType = sourcecode.c.h; path = ResultViewController.h; sourceTree = "<group>"; };
		9753BC361EFA067900593950 /* ResultViewController.m */ = {isa = PBXFileReference; fileEncoding = 4; lastKnownFileType = sourcecode.c.objc; path = ResultViewController.m; sourceTree = "<group>"; };
		9753BC371EFA067900593950 /* AipOcrSdk.framework */ = {isa = PBXFileReference; lastKnownFileType = wrapper.framework; path = AipOcrSdk.framework; sourceTree = "<group>"; };
		9753BC5F1EFA07FC00593950 /* AipOcrSdk.storyboard */ = {isa = PBXFileReference; fileEncoding = 4; lastKnownFileType = file.storyboard; path = AipOcrSdk.storyboard; sourceTree = "<group>"; };
		9753BC621EFA084100593950 /* copyText@3x.png */ = {isa = PBXFileReference; lastKnownFileType = image.png; path = "copyText@3x.png"; sourceTree = "<group>"; };
		9753BC641EFA084100593950 /* guan@2x.png */ = {isa = PBXFileReference; lastKnownFileType = image.png; path = "guan@2x.png"; sourceTree = "<group>"; };
		9753BC651EFA084100593950 /* guan@3x.png */ = {isa = PBXFileReference; lastKnownFileType = image.png; path = "guan@3x.png"; sourceTree = "<group>"; };
		9753BC661EFA084100593950 /* queding@2x.png */ = {isa = PBXFileReference; lastKnownFileType = image.png; path = "queding@2x.png"; sourceTree = "<group>"; };
		9753BC671EFA084100593950 /* queding@3x.png */ = {isa = PBXFileReference; lastKnownFileType = image.png; path = "queding@3x.png"; sourceTree = "<group>"; };
		9753BC681EFA084100593950 /* xuanzhuan@2x.png */ = {isa = PBXFileReference; lastKnownFileType = image.png; path = "xuanzhuan@2x.png"; sourceTree = "<group>"; };
		9753BC691EFA084100593950 /* xuanzhuan@3x.png */ = {isa = PBXFileReference; lastKnownFileType = image.png; path = "xuanzhuan@3x.png"; sourceTree = "<group>"; };
		9753BC6B1EFA084100593950 /* dengpao@2x.png */ = {isa = PBXFileReference; lastKnownFileType = image.png; path = "dengpao@2x.png"; sourceTree = "<group>"; };
		9753BC6C1EFA084100593950 /* dengpao@3x.png */ = {isa = PBXFileReference; lastKnownFileType = image.png; path = "dengpao@3x.png"; sourceTree = "<group>"; };
		9753BC6D1EFA084100593950 /* dengpao_dianjihou@2x.png */ = {isa = PBXFileReference; lastKnownFileType = image.png; path = "dengpao_dianjihou@2x.png"; sourceTree = "<group>"; };
		9753BC6E1EFA084100593950 /* dengpao_dianjihou@3x.png */ = {isa = PBXFileReference; lastKnownFileType = image.png; path = "dengpao_dianjihou@3x.png"; sourceTree = "<group>"; };
		9753BC6F1EFA084100593950 /* guanbi@2x.png */ = {isa = PBXFileReference; lastKnownFileType = image.png; path = "guanbi@2x.png"; sourceTree = "<group>"; };
		9753BC701EFA084100593950 /* guanbi@3x.png */ = {isa = PBXFileReference; lastKnownFileType = image.png; path = "guanbi@3x.png"; sourceTree = "<group>"; };
		9753BC711EFA084100593950 /* paizhaoanniu@2x.png */ = {isa = PBXFileReference; lastKnownFileType = image.png; path = "paizhaoanniu@2x.png"; sourceTree = "<group>"; };
		9753BC721EFA084100593950 /* paizhaoanniu@3x.png */ = {isa = PBXFileReference; lastKnownFileType = image.png; path = "paizhaoanniu@3x.png"; sourceTree = "<group>"; };
		9753BC731EFA084100593950 /* paizhaoanniu_dianjihou@2x.png */ = {isa = PBXFileReference; lastKnownFileType = image.png; path = "paizhaoanniu_dianjihou@2x.png"; sourceTree = "<group>"; };
		9753BC741EFA084100593950 /* paizhaoanniu_dianjihou@3x.png */ = {isa = PBXFileReference; lastKnownFileType = image.png; path = "paizhaoanniu_dianjihou@3x.png"; sourceTree = "<group>"; };
		9753BC751EFA084100593950 /* tuku@2x.png */ = {isa = PBXFileReference; lastKnownFileType = image.png; path = "tuku@2x.png"; sourceTree = "<group>"; };
		9753BC761EFA084100593950 /* tuku@3x.png */ = {isa = PBXFileReference; lastKnownFileType = image.png; path = "tuku@3x.png"; sourceTree = "<group>"; };
		9753BC771EFA084100593950 /* xuxian@2x.png */ = {isa = PBXFileReference; lastKnownFileType = image.png; path = "xuxian@2x.png"; sourceTree = "<group>"; };
		9753BC781EFA084100593950 /* xuxian@3x.png */ = {isa = PBXFileReference; lastKnownFileType = image.png; path = "xuxian@3x.png"; sourceTree = "<group>"; };
		9753BC7A1EFA084100593950 /* Page 1@2x.png */ = {isa = PBXFileReference; lastKnownFileType = image.png; path = "Page 1@2x.png"; sourceTree = "<group>"; };
		9753BC7B1EFA084100593950 /* Page 1@3x.png */ = {isa = PBXFileReference; lastKnownFileType = image.png; path = "Page 1@3x.png"; sourceTree = "<group>"; };
		9753BC931EFA091400593950 /* CoreImage.framework */ = {isa = PBXFileReference; lastKnownFileType = wrapper.framework; name = CoreImage.framework; path = System/Library/Frameworks/CoreImage.framework; sourceTree = SDKROOT; };
		9753BC951EFA091900593950 /* UIKit.framework */ = {isa = PBXFileReference; lastKnownFileType = wrapper.framework; name = UIKit.framework; path = System/Library/Frameworks/UIKit.framework; sourceTree = SDKROOT; };
		9753BC971EFA091F00593950 /* CoreFoundation.framework */ = {isa = PBXFileReference; lastKnownFileType = wrapper.framework; name = CoreFoundation.framework; path = System/Library/Frameworks/CoreFoundation.framework; sourceTree = SDKROOT; };
		9753BC991EFA092300593950 /* Foundation.framework */ = {isa = PBXFileReference; lastKnownFileType = wrapper.framework; name = Foundation.framework; path = System/Library/Frameworks/Foundation.framework; sourceTree = SDKROOT; };
		97ADFDC71EFA5B7500C5E461 /* SVIndefiniteAnimatedView.h */ = {isa = PBXFileReference; fileEncoding = 4; lastKnownFileType = sourcecode.c.h; path = SVIndefiniteAnimatedView.h; sourceTree = "<group>"; };
		97ADFDC81EFA5B7500C5E461 /* SVIndefiniteAnimatedView.m */ = {isa = PBXFileReference; fileEncoding = 4; lastKnownFileType = sourcecode.c.objc; path = SVIndefiniteAnimatedView.m; sourceTree = "<group>"; };
		97ADFDC91EFA5B7500C5E461 /* SVProgressAnimatedView.h */ = {isa = PBXFileReference; fileEncoding = 4; lastKnownFileType = sourcecode.c.h; path = SVProgressAnimatedView.h; sourceTree = "<group>"; };
		97ADFDCA1EFA5B7500C5E461 /* SVProgressAnimatedView.m */ = {isa = PBXFileReference; fileEncoding = 4; lastKnownFileType = sourcecode.c.objc; path = SVProgressAnimatedView.m; sourceTree = "<group>"; };
		97ADFDCB1EFA5B7500C5E461 /* SVProgressHUD-Prefix.pch */ = {isa = PBXFileReference; fileEncoding = 4; lastKnownFileType = sourcecode.c.h; path = "SVProgressHUD-Prefix.pch"; sourceTree = "<group>"; };
		97ADFDCC1EFA5B7500C5E461 /* SVProgressHUD.bundle */ = {isa = PBXFileReference; lastKnownFileType = "wrapper.plug-in"; path = SVProgressHUD.bundle; sourceTree = "<group>"; };
		97ADFDCD1EFA5B7500C5E461 /* SVProgressHUD.h */ = {isa = PBXFileReference; fileEncoding = 4; lastKnownFileType = sourcecode.c.h; path = SVProgressHUD.h; sourceTree = "<group>"; };
		97ADFDCE1EFA5B7500C5E461 /* SVProgressHUD.m */ = {isa = PBXFileReference; fileEncoding = 4; lastKnownFileType = sourcecode.c.objc; path = SVProgressHUD.m; sourceTree = "<group>"; };
		97ADFDCF1EFA5B7500C5E461 /* SVRadialGradientLayer.h */ = {isa = PBXFileReference; fileEncoding = 4; lastKnownFileType = sourcecode.c.h; path = SVRadialGradientLayer.h; sourceTree = "<group>"; };
		97ADFDD01EFA5B7500C5E461 /* SVRadialGradientLayer.m */ = {isa = PBXFileReference; fileEncoding = 4; lastKnownFileType = sourcecode.c.objc; path = SVRadialGradientLayer.m; sourceTree = "<group>"; };
		97ADFE1B1EFAB0E500C5E461 /* IQNSArray+Sort.h */ = {isa = PBXFileReference; fileEncoding = 4; lastKnownFileType = sourcecode.c.h; path = "IQNSArray+Sort.h"; sourceTree = "<group>"; };
		97ADFE1C1EFAB0E500C5E461 /* IQNSArray+Sort.m */ = {isa = PBXFileReference; fileEncoding = 4; lastKnownFileType = sourcecode.c.objc; path = "IQNSArray+Sort.m"; sourceTree = "<group>"; };
		97ADFE1D1EFAB0E500C5E461 /* IQUIScrollView+Additions.h */ = {isa = PBXFileReference; fileEncoding = 4; lastKnownFileType = sourcecode.c.h; path = "IQUIScrollView+Additions.h"; sourceTree = "<group>"; };
		97ADFE1E1EFAB0E500C5E461 /* IQUIScrollView+Additions.m */ = {isa = PBXFileReference; fileEncoding = 4; lastKnownFileType = sourcecode.c.objc; path = "IQUIScrollView+Additions.m"; sourceTree = "<group>"; };
		97ADFE1F1EFAB0E500C5E461 /* IQUITextFieldView+Additions.h */ = {isa = PBXFileReference; fileEncoding = 4; lastKnownFileType = sourcecode.c.h; path = "IQUITextFieldView+Additions.h"; sourceTree = "<group>"; };
		97ADFE201EFAB0E500C5E461 /* IQUITextFieldView+Additions.m */ = {isa = PBXFileReference; fileEncoding = 4; lastKnownFileType = sourcecode.c.objc; path = "IQUITextFieldView+Additions.m"; sourceTree = "<group>"; };
		97ADFE211EFAB0E500C5E461 /* IQUIView+Hierarchy.h */ = {isa = PBXFileReference; fileEncoding = 4; lastKnownFileType = sourcecode.c.h; path = "IQUIView+Hierarchy.h"; sourceTree = "<group>"; };
		97ADFE221EFAB0E500C5E461 /* IQUIView+Hierarchy.m */ = {isa = PBXFileReference; fileEncoding = 4; lastKnownFileType = sourcecode.c.objc; path = "IQUIView+Hierarchy.m"; sourceTree = "<group>"; };
		97ADFE231EFAB0E500C5E461 /* IQUIViewController+Additions.h */ = {isa = PBXFileReference; fileEncoding = 4; lastKnownFileType = sourcecode.c.h; path = "IQUIViewController+Additions.h"; sourceTree = "<group>"; };
		97ADFE241EFAB0E500C5E461 /* IQUIViewController+Additions.m */ = {isa = PBXFileReference; fileEncoding = 4; lastKnownFileType = sourcecode.c.objc; path = "IQUIViewController+Additions.m"; sourceTree = "<group>"; };
		97ADFE251EFAB0E500C5E461 /* IQUIWindow+Hierarchy.h */ = {isa = PBXFileReference; fileEncoding = 4; lastKnownFileType = sourcecode.c.h; path = "IQUIWindow+Hierarchy.h"; sourceTree = "<group>"; };
		97ADFE261EFAB0E500C5E461 /* IQUIWindow+Hierarchy.m */ = {isa = PBXFileReference; fileEncoding = 4; lastKnownFileType = sourcecode.c.objc; path = "IQUIWindow+Hierarchy.m"; sourceTree = "<group>"; };
		97ADFE281EFAB0E500C5E461 /* IQKeyboardManagerConstants.h */ = {isa = PBXFileReference; fileEncoding = 4; lastKnownFileType = sourcecode.c.h; path = IQKeyboardManagerConstants.h; sourceTree = "<group>"; };
		97ADFE291EFAB0E500C5E461 /* IQKeyboardManagerConstantsInternal.h */ = {isa = PBXFileReference; fileEncoding = 4; lastKnownFileType = sourcecode.c.h; path = IQKeyboardManagerConstantsInternal.h; sourceTree = "<group>"; };
		97ADFE2A1EFAB0E500C5E461 /* IQKeyboardManager.h */ = {isa = PBXFileReference; fileEncoding = 4; lastKnownFileType = sourcecode.c.h; path = IQKeyboardManager.h; sourceTree = "<group>"; };
		97ADFE2B1EFAB0E500C5E461 /* IQKeyboardManager.m */ = {isa = PBXFileReference; fileEncoding = 4; lastKnownFileType = sourcecode.c.objc; path = IQKeyboardManager.m; sourceTree = "<group>"; };
		97ADFE2C1EFAB0E500C5E461 /* IQKeyboardReturnKeyHandler.h */ = {isa = PBXFileReference; fileEncoding = 4; lastKnownFileType = sourcecode.c.h; path = IQKeyboardReturnKeyHandler.h; sourceTree = "<group>"; };
		97ADFE2D1EFAB0E500C5E461 /* IQKeyboardReturnKeyHandler.m */ = {isa = PBXFileReference; fileEncoding = 4; lastKnownFileType = sourcecode.c.objc; path = IQKeyboardReturnKeyHandler.m; sourceTree = "<group>"; };
		97ADFE2F1EFAB0E500C5E461 /* IQTextView.h */ = {isa = PBXFileReference; fileEncoding = 4; lastKnownFileType = sourcecode.c.h; path = IQTextView.h; sourceTree = "<group>"; };
		97ADFE301EFAB0E500C5E461 /* IQTextView.m */ = {isa = PBXFileReference; fileEncoding = 4; lastKnownFileType = sourcecode.c.objc; path = IQTextView.m; sourceTree = "<group>"; };
		97ADFE321EFAB0E500C5E461 /* IQBarButtonItem.h */ = {isa = PBXFileReference; fileEncoding = 4; lastKnownFileType = sourcecode.c.h; path = IQBarButtonItem.h; sourceTree = "<group>"; };
		97ADFE331EFAB0E500C5E461 /* IQBarButtonItem.m */ = {isa = PBXFileReference; fileEncoding = 4; lastKnownFileType = sourcecode.c.objc; path = IQBarButtonItem.m; sourceTree = "<group>"; };
		97ADFE341EFAB0E500C5E461 /* IQPreviousNextView.h */ = {isa = PBXFileReference; fileEncoding = 4; lastKnownFileType = sourcecode.c.h; path = IQPreviousNextView.h; sourceTree = "<group>"; };
		97ADFE351EFAB0E500C5E461 /* IQPreviousNextView.m */ = {isa = PBXFileReference; fileEncoding = 4; lastKnownFileType = sourcecode.c.objc; path = IQPreviousNextView.m; sourceTree = "<group>"; };
		97ADFE361EFAB0E500C5E461 /* IQTitleBarButtonItem.h */ = {isa = PBXFileReference; fileEncoding = 4; lastKnownFileType = sourcecode.c.h; path = IQTitleBarButtonItem.h; sourceTree = "<group>"; };
		97ADFE371EFAB0E500C5E461 /* IQTitleBarButtonItem.m */ = {isa = PBXFileReference; fileEncoding = 4; lastKnownFileType = sourcecode.c.objc; path = IQTitleBarButtonItem.m; sourceTree = "<group>"; };
		97ADFE381EFAB0E500C5E461 /* IQToolbar.h */ = {isa = PBXFileReference; fileEncoding = 4; lastKnownFileType = sourcecode.c.h; path = IQToolbar.h; sourceTree = "<group>"; };
		97ADFE391EFAB0E500C5E461 /* IQToolbar.m */ = {isa = PBXFileReference; fileEncoding = 4; lastKnownFileType = sourcecode.c.objc; path = IQToolbar.m; sourceTree = "<group>"; };
		97ADFE3A1EFAB0E500C5E461 /* IQUIView+IQKeyboardToolbar.h */ = {isa = PBXFileReference; fileEncoding = 4; lastKnownFileType = sourcecode.c.h; path = "IQUIView+IQKeyboardToolbar.h"; sourceTree = "<group>"; };
		97ADFE3B1EFAB0E500C5E461 /* IQUIView+IQKeyboardToolbar.m */ = {isa = PBXFileReference; fileEncoding = 4; lastKnownFileType = sourcecode.c.objc; path = "IQUIView+IQKeyboardToolbar.m"; sourceTree = "<group>"; };
		97ADFE3D1EFAB0E500C5E461 /* IQKeyboardManager.bundle */ = {isa = PBXFileReference; lastKnownFileType = "wrapper.plug-in"; path = IQKeyboardManager.bundle; sourceTree = "<group>"; };
		97D0552B1F1073E70018D843 /* CoreMotion.framework */ = {isa = PBXFileReference; lastKnownFileType = wrapper.framework; name = CoreMotion.framework; path = System/Library/Frameworks/CoreMotion.framework; sourceTree = SDKROOT; };
		97FEE16F1EFA143700D3585E /* AipCutImageEXView.h */ = {isa = PBXFileReference; fileEncoding = 4; lastKnownFileType = sourcecode.c.h; path = AipCutImageEXView.h; sourceTree = "<group>"; };
		97FEE1701EFA143700D3585E /* AipCutImageEXView.m */ = {isa = PBXFileReference; fileEncoding = 4; lastKnownFileType = sourcecode.c.objc; path = AipCutImageEXView.m; sourceTree = "<group>"; };
		97FEE1711EFA143700D3585E /* AipImageEXView.h */ = {isa = PBXFileReference; fileEncoding = 4; lastKnownFileType = sourcecode.c.h; path = AipImageEXView.h; sourceTree = "<group>"; };
		97FEE1721EFA143700D3585E /* AipImageEXView.m */ = {isa = PBXFileReference; fileEncoding = 4; lastKnownFileType = sourcecode.c.objc; path = AipImageEXView.m; sourceTree = "<group>"; };
		97FEE1751EFA1F7900D3585E /* surebtn@2x.png */ = {isa = PBXFileReference; lastKnownFileType = image.png; path = "surebtn@2x.png"; sourceTree = "<group>"; };
		97FEE1761EFA1F7900D3585E /* surebtn@3x.png */ = {isa = PBXFileReference; lastKnownFileType = image.png; path = "surebtn@3x.png"; sourceTree = "<group>"; };
		97FEE1771EFA1F7900D3585E /* trans@2x.png */ = {isa = PBXFileReference; lastKnownFileType = image.png; path = "trans@2x.png"; sourceTree = "<group>"; };
		97FEE1781EFA1F7900D3585E /* trans@3x.png */ = {isa = PBXFileReference; lastKnownFileType = image.png; path = "trans@3x.png"; sourceTree = "<group>"; };
		97FEE17E1EFA548700D3585E /* AipOcrDemo.entitlements */ = {isa = PBXFileReference; lastKnownFileType = text.plist.entitlements; path = AipOcrDemo.entitlements; sourceTree = "<group>"; };
		97FEE17F1EFA54B800D3585E /* PhotoInAlbumOCR.entitlements */ = {isa = PBXFileReference; lastKnownFileType = text.plist.entitlements; path = PhotoInAlbumOCR.entitlements; sourceTree = "<group>"; };
		97FEE1801EFA578900D3585E /* AipBase.framework */ = {isa = PBXFileReference; lastKnownFileType = wrapper.framework; path = AipBase.framework; sourceTree = "<group>"; };
		FFDAF4141E49C99000AB65B7 /* AipOcrDemo.app */ = {isa = PBXFileReference; explicitFileType = wrapper.application; includeInIndex = 0; path = AipOcrDemo.app; sourceTree = BUILT_PRODUCTS_DIR; };
		FFDAF4181E49C99000AB65B7 /* main.m */ = {isa = PBXFileReference; lastKnownFileType = sourcecode.c.objc; path = main.m; sourceTree = "<group>"; };
		FFDAF41A1E49C99000AB65B7 /* AppDelegate.h */ = {isa = PBXFileReference; lastKnownFileType = sourcecode.c.h; path = AppDelegate.h; sourceTree = "<group>"; };
		FFDAF41B1E49C99000AB65B7 /* AppDelegate.m */ = {isa = PBXFileReference; lastKnownFileType = sourcecode.c.objc; path = AppDelegate.m; sourceTree = "<group>"; };
		FFDAF41D1E49C99000AB65B7 /* ViewController.h */ = {isa = PBXFileReference; lastKnownFileType = sourcecode.c.h; path = ViewController.h; sourceTree = "<group>"; };
		FFDAF41E1E49C99000AB65B7 /* ViewController.m */ = {isa = PBXFileReference; lastKnownFileType = sourcecode.c.objc; path = ViewController.m; sourceTree = "<group>"; };
		FFDAF4211E49C99000AB65B7 /* Base */ = {isa = PBXFileReference; lastKnownFileType = file.storyboard; name = Base; path = Base.lproj/Main.storyboard; sourceTree = "<group>"; };
		FFDAF4231E49C99000AB65B7 /* Assets.xcassets */ = {isa = PBXFileReference; lastKnownFileType = folder.assetcatalog; path = Assets.xcassets; sourceTree = "<group>"; };
		FFDAF4261E49C99000AB65B7 /* Base */ = {isa = PBXFileReference; lastKnownFileType = file.storyboard; name = Base; path = Base.lproj/LaunchScreen.storyboard; sourceTree = "<group>"; };
		FFDAF4281E49C99000AB65B7 /* Info.plist */ = {isa = PBXFileReference; lastKnownFileType = text.plist.xml; path = Info.plist; sourceTree = "<group>"; };
/* End PBXFileReference section */

/* Begin PBXFrameworksBuildPhase section */
		975215321EF9F746009272B2 /* Frameworks */ = {
			isa = PBXFrameworksBuildPhase;
			buildActionMask = 2147483647;
			files = (
				9739D1271F0DA86500DEEE45 /* CoreGraphics.framework in Frameworks */,
				9739D1251F0DA85A00DEEE45 /* AssetsLibrary.framework in Frameworks */,
				9739D1231F0DA85500DEEE45 /* CoreImage.framework in Frameworks */,
				9739D1221F0DA84700DEEE45 /* libstdc++.tbd in Frameworks */,
				9739D11D1F0DA5AB00DEEE45 /* opencv2.framework in Frameworks */,
				973A80E41EFFAF7B00C00D1C /* UMMobClick.framework in Frameworks */,
				9739D1201F0DA7F100DEEE45 /* libjpeg.a in Frameworks */,
			);
			runOnlyForDeploymentPostprocessing = 0;
		};
		FFDAF4111E49C99000AB65B7 /* Frameworks */ = {
			isa = PBXFrameworksBuildPhase;
			buildActionMask = 2147483647;
			files = (
				97D0552C1F1073E70018D843 /* CoreMotion.framework in Frameworks */,
				9739D12A1F0DA88F00DEEE45 /* CoreGraphics.framework in Frameworks */,
				9739D1291F0DA88900DEEE45 /* AssetsLibrary.framework in Frameworks */,
				9739D1281F0DA88300DEEE45 /* libstdc++.tbd in Frameworks */,
				973A80EA1EFFAFC700C00D1C /* libsqlite3.tbd in Frameworks */,
				973A80E81EFFAFAC00C00D1C /* libz.tbd in Frameworks */,
				973A80E61EFFAFA700C00D1C /* CoreTelephony.framework in Frameworks */,
				9739D11F1F0DA7F100DEEE45 /* libjpeg.a in Frameworks */,
				9739D11C1F0DA5AB00DEEE45 /* opencv2.framework in Frameworks */,
				9753BC9A1EFA092300593950 /* Foundation.framework in Frameworks */,
				9753BC981EFA091F00593950 /* CoreFoundation.framework in Frameworks */,
				973A80E31EFFAF7B00C00D1C /* UMMobClick.framework in Frameworks */,
				9753BC961EFA091900593950 /* UIKit.framework in Frameworks */,
				9753BC941EFA091400593950 /* CoreImage.framework in Frameworks */,
			);
			runOnlyForDeploymentPostprocessing = 0;
		};
/* End PBXFrameworksBuildPhase section */

/* Begin PBXGroup section */
		9739D12B1F0DF43D00DEEE45 /* opencvtool */ = {
			isa = PBXGroup;
			children = (
				9739D12C1F0DF43D00DEEE45 /* MMCropView.h */,
				9739D12D1F0DF43D00DEEE45 /* MMCropView.m */,
				9739D12E1F0DF43D00DEEE45 /* MMOpenCVHelper.h */,
				9739D12F1F0DF43D00DEEE45 /* MMOpenCVHelper.mm */,
				9739D1301F0DF43D00DEEE45 /* MTGeometry.c */,
				9739D1311F0DF43D00DEEE45 /* MTGeometry.h */,
			);
			path = opencvtool;
			sourceTree = "<group>";
		};
		9739D1321F0DF43D00DEEE45 /* UIImageCategories */ = {
			isa = PBXGroup;
			children = (
				9739D1331F0DF43D00DEEE45 /* UIColor+HexRepresentation.h */,
				9739D1341F0DF43D00DEEE45 /* UIColor+HexRepresentation.m */,
				9739D1351F0DF43D00DEEE45 /* UIImage+fixOrientation.h */,
				9739D1361F0DF43D00DEEE45 /* UIImage+fixOrientation.m */,
				9739D1371F0DF43D00DEEE45 /* UIImageView+ContentFrame.h */,
				9739D1381F0DF43D00DEEE45 /* UIImageView+ContentFrame.m */,
			);
			path = UIImageCategories;
			sourceTree = "<group>";
		};
		975215361EF9F746009272B2 /* PhotoInAlbumOCR */ = {
			isa = PBXGroup;
			children = (
				97FEE17F1EFA54B800D3585E /* PhotoInAlbumOCR.entitlements */,
				97FEE1751EFA1F7900D3585E /* surebtn@2x.png */,
				97FEE1761EFA1F7900D3585E /* surebtn@3x.png */,
				97FEE1771EFA1F7900D3585E /* trans@2x.png */,
				97FEE1781EFA1F7900D3585E /* trans@3x.png */,
				97FEE16F1EFA143700D3585E /* AipCutImageEXView.h */,
				97FEE1701EFA143700D3585E /* AipCutImageEXView.m */,
				97FEE1711EFA143700D3585E /* AipImageEXView.h */,
				97FEE1721EFA143700D3585E /* AipImageEXView.m */,
				975215371EF9F746009272B2 /* ActionViewController.h */,
				975215381EF9F746009272B2 /* ActionViewController.m */,
				9752153A1EF9F746009272B2 /* MainInterface.storyboard */,
				9752153D1EF9F746009272B2 /* Info.plist */,
			);
			path = PhotoInAlbumOCR;
			sourceTree = "<group>";
		};
		9753BBDF1EFA067900593950 /* AipOcrSdk */ = {
			isa = PBXGroup;
			children = (
				9753BBE11EFA067900593950 /* AipOcrBundle */,
				9753BC181EFA067900593950 /* AipOcrSdk */,
			);
			path = AipOcrSdk;
			sourceTree = "<group>";
		};
		9753BBE11EFA067900593950 /* AipOcrBundle */ = {
			isa = PBXGroup;
			children = (
				970344C21F126E7F00BFE0F1 /* IPDFCameraViewController.h */,
				970344C31F126E7F00BFE0F1 /* IPDFCameraViewController.m */,
				9739D12B1F0DF43D00DEEE45 /* opencvtool */,
				9739D1321F0DF43D00DEEE45 /* UIImageCategories */,
				97ADFE191EFAB0E500C5E461 /* IQKeyboardManager */,
				97ADFDC61EFA5B7500C5E461 /* SVProgressHUD */,
				9753BC611EFA084100593950 /* 切图 */,
				9753BC5F1EFA07FC00593950 /* AipOcrSdk.storyboard */,
			);
			path = AipOcrBundle;
			sourceTree = "<group>";
		};
		9753BC181EFA067900593950 /* AipOcrSdk */ = {
			isa = PBXGroup;
			children = (
				9753BC191EFA067900593950 /* AipOcrDelegate.h */,
				9753BC1A1EFA067900593950 /* AipOcrSdk.h */,
				9753BC1B1EFA067900593950 /* AipOcrService.h */,
				9753BC1C1EFA067900593950 /* AipOcrService.m */,
				9753BC1D1EFA067900593950 /* Info.plist */,
				9753BC1E1EFA067900593950 /* IOSpeScaleLayoutButton.h */,
				9753BC1F1EFA067900593950 /* IOSpeScaleLayoutButton.m */,
				9753BC201EFA067900593950 /* IOSpeScaleLayoutConstraint.h */,
				9753BC211EFA067900593950 /* IOSpeScaleLayoutConstraint.m */,
				9753BC221EFA067900593950 /* IOSpeScaleLayoutLabel.h */,
				9753BC231EFA067900593950 /* IOSpeScaleLayoutLabel.m */,
				9753BC241EFA067900593950 /* TestImages.h */,
				9753BC251EFA067900593950 /* View */,
				9753BC2C1EFA067900593950 /* ViewController */,
			);
			path = AipOcrSdk;
			sourceTree = "<group>";
		};
		9753BC251EFA067900593950 /* View */ = {
			isa = PBXGroup;
			children = (
				9753BC261EFA067900593950 /* AipCameraPreviewView.h */,
				9753BC271EFA067900593950 /* AipCameraPreviewView.m */,
				9753BC281EFA067900593950 /* AipCutImageView.h */,
				9753BC291EFA067900593950 /* AipCutImageView.m */,
				9753BC2A1EFA067900593950 /* AipImageView.h */,
				9753BC2B1EFA067900593950 /* AipImageView.m */,
			);
			path = View;
			sourceTree = "<group>";
		};
		9753BC2C1EFA067900593950 /* ViewController */ = {
			isa = PBXGroup;
			children = (
				9753BC2D1EFA067900593950 /* AipCameraController.h */,
				9753BC2E1EFA067900593950 /* AipCameraController.m */,
				9753BC2F1EFA067900593950 /* AipCaptureCardVC.h */,
				9753BC301EFA067900593950 /* AipCaptureCardVC.m */,
				9753BC311EFA067900593950 /* AipGeneralVC.h */,
				9753BC321EFA067900593950 /* AipGeneralVC.mm */,
				9753BC331EFA067900593950 /* AipNavigationController.h */,
				9753BC341EFA067900593950 /* AipNavigationController.m */,
				9753BC351EFA067900593950 /* ResultViewController.h */,
				9753BC361EFA067900593950 /* ResultViewController.m */,
			);
			path = ViewController;
			sourceTree = "<group>";
		};
		9753BC611EFA084100593950 /* 切图 */ = {
			isa = PBXGroup;
			children = (
				970344C51F12729800BFE0F1 /* focusIndicator@2x.png */,
				9753BC621EFA084100593950 /* copyText@3x.png */,
				9753BC631EFA084100593950 /* 裁剪页 */,
				9753BC6A1EFA084100593950 /* 身份证-正面 */,
				9753BC791EFA084100593950 /* 身份证-背面 */,
			);
			name = "切图";
			path = "../切图";
			sourceTree = "<group>";
		};
		9753BC631EFA084100593950 /* 裁剪页 */ = {
			isa = PBXGroup;
			children = (
				9753BC641EFA084100593950 /* guan@2x.png */,
				9753BC651EFA084100593950 /* guan@3x.png */,
				9753BC661EFA084100593950 /* queding@2x.png */,
				9753BC671EFA084100593950 /* queding@3x.png */,
				9753BC681EFA084100593950 /* xuanzhuan@2x.png */,
				9753BC691EFA084100593950 /* xuanzhuan@3x.png */,
			);
			path = "裁剪页";
			sourceTree = "<group>";
		};
		9753BC6A1EFA084100593950 /* 身份证-正面 */ = {
			isa = PBXGroup;
			children = (
				9753BC6B1EFA084100593950 /* dengpao@2x.png */,
				9753BC6C1EFA084100593950 /* dengpao@3x.png */,
				9753BC6D1EFA084100593950 /* dengpao_dianjihou@2x.png */,
				9753BC6E1EFA084100593950 /* dengpao_dianjihou@3x.png */,
				9753BC6F1EFA084100593950 /* guanbi@2x.png */,
				9753BC701EFA084100593950 /* guanbi@3x.png */,
				9753BC711EFA084100593950 /* paizhaoanniu@2x.png */,
				9753BC721EFA084100593950 /* paizhaoanniu@3x.png */,
				9753BC731EFA084100593950 /* paizhaoanniu_dianjihou@2x.png */,
				9753BC741EFA084100593950 /* paizhaoanniu_dianjihou@3x.png */,
				9753BC751EFA084100593950 /* tuku@2x.png */,
				9753BC761EFA084100593950 /* tuku@3x.png */,
				9753BC771EFA084100593950 /* xuxian@2x.png */,
				9753BC781EFA084100593950 /* xuxian@3x.png */,
			);
			path = "身份证-正面";
			sourceTree = "<group>";
		};
		9753BC791EFA084100593950 /* 身份证-背面 */ = {
			isa = PBXGroup;
			children = (
				9753BC7A1EFA084100593950 /* Page 1@2x.png */,
				9753BC7B1EFA084100593950 /* Page 1@3x.png */,
			);
			path = "身份证-背面";
			sourceTree = "<group>";
		};
		97ADFDC61EFA5B7500C5E461 /* SVProgressHUD */ = {
			isa = PBXGroup;
			children = (
				97ADFDC71EFA5B7500C5E461 /* SVIndefiniteAnimatedView.h */,
				97ADFDC81EFA5B7500C5E461 /* SVIndefiniteAnimatedView.m */,
				97ADFDC91EFA5B7500C5E461 /* SVProgressAnimatedView.h */,
				97ADFDCA1EFA5B7500C5E461 /* SVProgressAnimatedView.m */,
				97ADFDCB1EFA5B7500C5E461 /* SVProgressHUD-Prefix.pch */,
				97ADFDCC1EFA5B7500C5E461 /* SVProgressHUD.bundle */,
				97ADFDCD1EFA5B7500C5E461 /* SVProgressHUD.h */,
				97ADFDCE1EFA5B7500C5E461 /* SVProgressHUD.m */,
				97ADFDCF1EFA5B7500C5E461 /* SVRadialGradientLayer.h */,
				97ADFDD01EFA5B7500C5E461 /* SVRadialGradientLayer.m */,
			);
			path = SVProgressHUD;
			sourceTree = "<group>";
		};
		97ADFE191EFAB0E500C5E461 /* IQKeyboardManager */ = {
			isa = PBXGroup;
			children = (
				97ADFE1A1EFAB0E500C5E461 /* Categories */,
				97ADFE271EFAB0E500C5E461 /* Constants */,
				97ADFE2A1EFAB0E500C5E461 /* IQKeyboardManager.h */,
				97ADFE2B1EFAB0E500C5E461 /* IQKeyboardManager.m */,
				97ADFE2C1EFAB0E500C5E461 /* IQKeyboardReturnKeyHandler.h */,
				97ADFE2D1EFAB0E500C5E461 /* IQKeyboardReturnKeyHandler.m */,
				97ADFE2E1EFAB0E500C5E461 /* IQTextView */,
				97ADFE311EFAB0E500C5E461 /* IQToolbar */,
				97ADFE3C1EFAB0E500C5E461 /* Resources */,
			);
			path = IQKeyboardManager;
			sourceTree = "<group>";
		};
		97ADFE1A1EFAB0E500C5E461 /* Categories */ = {
			isa = PBXGroup;
			children = (
				97ADFE1B1EFAB0E500C5E461 /* IQNSArray+Sort.h */,
				97ADFE1C1EFAB0E500C5E461 /* IQNSArray+Sort.m */,
				97ADFE1D1EFAB0E500C5E461 /* IQUIScrollView+Additions.h */,
				97ADFE1E1EFAB0E500C5E461 /* IQUIScrollView+Additions.m */,
				97ADFE1F1EFAB0E500C5E461 /* IQUITextFieldView+Additions.h */,
				97ADFE201EFAB0E500C5E461 /* IQUITextFieldView+Additions.m */,
				97ADFE211EFAB0E500C5E461 /* IQUIView+Hierarchy.h */,
				97ADFE221EFAB0E500C5E461 /* IQUIView+Hierarchy.m */,
				97ADFE231EFAB0E500C5E461 /* IQUIViewController+Additions.h */,
				97ADFE241EFAB0E500C5E461 /* IQUIViewController+Additions.m */,
				97ADFE251EFAB0E500C5E461 /* IQUIWindow+Hierarchy.h */,
				97ADFE261EFAB0E500C5E461 /* IQUIWindow+Hierarchy.m */,
			);
			path = Categories;
			sourceTree = "<group>";
		};
		97ADFE271EFAB0E500C5E461 /* Constants */ = {
			isa = PBXGroup;
			children = (
				97ADFE281EFAB0E500C5E461 /* IQKeyboardManagerConstants.h */,
				97ADFE291EFAB0E500C5E461 /* IQKeyboardManagerConstantsInternal.h */,
			);
			path = Constants;
			sourceTree = "<group>";
		};
		97ADFE2E1EFAB0E500C5E461 /* IQTextView */ = {
			isa = PBXGroup;
			children = (
				97ADFE2F1EFAB0E500C5E461 /* IQTextView.h */,
				97ADFE301EFAB0E500C5E461 /* IQTextView.m */,
			);
			path = IQTextView;
			sourceTree = "<group>";
		};
		97ADFE311EFAB0E500C5E461 /* IQToolbar */ = {
			isa = PBXGroup;
			children = (
				97ADFE321EFAB0E500C5E461 /* IQBarButtonItem.h */,
				97ADFE331EFAB0E500C5E461 /* IQBarButtonItem.m */,
				97ADFE341EFAB0E500C5E461 /* IQPreviousNextView.h */,
				97ADFE351EFAB0E500C5E461 /* IQPreviousNextView.m */,
				97ADFE361EFAB0E500C5E461 /* IQTitleBarButtonItem.h */,
				97ADFE371EFAB0E500C5E461 /* IQTitleBarButtonItem.m */,
				97ADFE381EFAB0E500C5E461 /* IQToolbar.h */,
				97ADFE391EFAB0E500C5E461 /* IQToolbar.m */,
				97ADFE3A1EFAB0E500C5E461 /* IQUIView+IQKeyboardToolbar.h */,
				97ADFE3B1EFAB0E500C5E461 /* IQUIView+IQKeyboardToolbar.m */,
			);
			path = IQToolbar;
			sourceTree = "<group>";
		};
		97ADFE3C1EFAB0E500C5E461 /* Resources */ = {
			isa = PBXGroup;
			children = (
				97ADFE3D1EFAB0E500C5E461 /* IQKeyboardManager.bundle */,
			);
			path = Resources;
			sourceTree = "<group>";
		};
		FFDAF40B1E49C99000AB65B7 = {
			isa = PBXGroup;
			children = (
				9739D11E1F0DA7F100DEEE45 /* libjpeg.a */,
				9739D11B1F0DA5AB00DEEE45 /* opencv2.framework */,
				973A80E21EFFAF7B00C00D1C /* UMMobClick.framework */,
				97FEE1801EFA578900D3585E /* AipBase.framework */,
				FFDAF4161E49C99000AB65B7 /* AipOcrDemo */,
				975215361EF9F746009272B2 /* PhotoInAlbumOCR */,
				FFDAF4151E49C99000AB65B7 /* Products */,
				FFDAF4431E519F2700AB65B7 /* Frameworks */,
			);
			sourceTree = "<group>";
		};
		FFDAF4151E49C99000AB65B7 /* Products */ = {
			isa = PBXGroup;
			children = (
				FFDAF4141E49C99000AB65B7 /* AipOcrDemo.app */,
				975215351EF9F746009272B2 /* PhotoInAlbumOCR.appex */,
			);
			name = Products;
			sourceTree = "<group>";
		};
		FFDAF4161E49C99000AB65B7 /* AipOcrDemo */ = {
			isa = PBXGroup;
			children = (
				97FEE17E1EFA548700D3585E /* AipOcrDemo.entitlements */,
				9753BBDF1EFA067900593950 /* AipOcrSdk */,
				9753BC371EFA067900593950 /* AipOcrSdk.framework */,
				FFDAF41A1E49C99000AB65B7 /* AppDelegate.h */,
				FFDAF41B1E49C99000AB65B7 /* AppDelegate.m */,
				FFDAF41D1E49C99000AB65B7 /* ViewController.h */,
				FFDAF41E1E49C99000AB65B7 /* ViewController.m */,
				FFDAF4201E49C99000AB65B7 /* Main.storyboard */,
				FFDAF4231E49C99000AB65B7 /* Assets.xcassets */,
				FFDAF4251E49C99000AB65B7 /* LaunchScreen.storyboard */,
				FFDAF4281E49C99000AB65B7 /* Info.plist */,
				FFDAF4171E49C99000AB65B7 /* Supporting Files */,
			);
			path = AipOcrDemo;
			sourceTree = "<group>";
		};
		FFDAF4171E49C99000AB65B7 /* Supporting Files */ = {
			isa = PBXGroup;
			children = (
				FFDAF4181E49C99000AB65B7 /* main.m */,
				9727A5A51EF4E9CE00E63E99 /* PrefixHeader.pch */,
			);
			name = "Supporting Files";
			sourceTree = "<group>";
		};
		FFDAF4431E519F2700AB65B7 /* Frameworks */ = {
			isa = PBXGroup;
			children = (
				97D0552B1F1073E70018D843 /* CoreMotion.framework */,
				9739D1261F0DA86500DEEE45 /* CoreGraphics.framework */,
				9739D1241F0DA85A00DEEE45 /* AssetsLibrary.framework */,
				9739D1211F0DA84700DEEE45 /* libstdc++.tbd */,
				973A80E91EFFAFC700C00D1C /* libsqlite3.tbd */,
				973A80E71EFFAFAC00C00D1C /* libz.tbd */,
				973A80E51EFFAFA700C00D1C /* CoreTelephony.framework */,
				9753BC991EFA092300593950 /* Foundation.framework */,
				9753BC971EFA091F00593950 /* CoreFoundation.framework */,
				9753BC951EFA091900593950 /* UIKit.framework */,
				9753BC931EFA091400593950 /* CoreImage.framework */,
			);
			name = Frameworks;
			sourceTree = "<group>";
		};
/* End PBXGroup section */

/* Begin PBXNativeTarget section */
		975215341EF9F746009272B2 /* PhotoInAlbumOCR */ = {
			isa = PBXNativeTarget;
			buildConfigurationList = 975215431EF9F746009272B2 /* Build configuration list for PBXNativeTarget "PhotoInAlbumOCR" */;
			buildPhases = (
				975215311EF9F746009272B2 /* Sources */,
				975215321EF9F746009272B2 /* Frameworks */,
				975215331EF9F746009272B2 /* Resources */,
			);
			buildRules = (
			);
			dependencies = (
			);
			name = PhotoInAlbumOCR;
			productName = PhotoInAlbumOCR;
			productReference = 975215351EF9F746009272B2 /* PhotoInAlbumOCR.appex */;
			productType = "com.apple.product-type.app-extension";
		};
		FFDAF4131E49C99000AB65B7 /* AipOcrDemo */ = {
			isa = PBXNativeTarget;
			buildConfigurationList = FFDAF42B1E49C99000AB65B7 /* Build configuration list for PBXNativeTarget "AipOcrDemo" */;
			buildPhases = (
				FFDAF4101E49C99000AB65B7 /* Sources */,
				FFDAF4111E49C99000AB65B7 /* Frameworks */,
				FFDAF4121E49C99000AB65B7 /* Resources */,
				FF877C1B1E56A41000A62EED /* Embed Frameworks */,
				978549791EF7A97500D621C5 /* Embed App Extensions */,
			);
			buildRules = (
			);
			dependencies = (
				9752153F1EF9F746009272B2 /* PBXTargetDependency */,
			);
			name = AipOcrDemo;
			productName = AipOcrDemo;
			productReference = FFDAF4141E49C99000AB65B7 /* AipOcrDemo.app */;
			productType = "com.apple.product-type.application";
		};
/* End PBXNativeTarget section */

/* Begin PBXProject section */
		FFDAF40C1E49C99000AB65B7 /* Project object */ = {
			isa = PBXProject;
			attributes = {
				LastUpgradeCheck = 0820;
				ORGANIZATIONNAME = Baidu;
				TargetAttributes = {
					975215341EF9F746009272B2 = {
						CreatedOnToolsVersion = 8.3.3;
						DevelopmentTeam = 4225KQ7WC5;
						ProvisioningStyle = Automatic;
						SystemCapabilities = {
							com.apple.ApplicationGroups.iOS = {
								enabled = 1;
							};
						};
					};
					FFDAF4131E49C99000AB65B7 = {
						CreatedOnToolsVersion = 8.2.1;
						DevelopmentTeam = 4225KQ7WC5;
						ProvisioningStyle = Automatic;
						SystemCapabilities = {
							com.apple.ApplicationGroups.iOS = {
								enabled = 1;
							};
						};
					};
				};
			};
			buildConfigurationList = FFDAF40F1E49C99000AB65B7 /* Build configuration list for PBXProject "AipOcrDemo" */;
			compatibilityVersion = "Xcode 3.2";
			developmentRegion = English;
			hasScannedForEncodings = 0;
			knownRegions = (
				en,
				Base,
			);
			mainGroup = FFDAF40B1E49C99000AB65B7;
			productRefGroup = FFDAF4151E49C99000AB65B7 /* Products */;
			projectDirPath = "";
			projectRoot = "";
			targets = (
				FFDAF4131E49C99000AB65B7 /* AipOcrDemo */,
				975215341EF9F746009272B2 /* PhotoInAlbumOCR */,
			);
		};
/* End PBXProject section */

/* Begin PBXResourcesBuildPhase section */
		975215331EF9F746009272B2 /* Resources */ = {
			isa = PBXResourcesBuildPhase;
			buildActionMask = 2147483647;
			files = (
				97FEE17A1EFA1F7900D3585E /* surebtn@3x.png in Resources */,
				97FEE17B1EFA1F7900D3585E /* trans@2x.png in Resources */,
				97FEE1791EFA1F7900D3585E /* surebtn@2x.png in Resources */,
				97FEE17C1EFA1F7900D3585E /* trans@3x.png in Resources */,
				97ADFE551EFAC5C300C5E461 /* Assets.xcassets in Resources */,
				9752153C1EF9F746009272B2 /* MainInterface.storyboard in Resources */,
			);
			runOnlyForDeploymentPostprocessing = 0;
		};
		FFDAF4121E49C99000AB65B7 /* Resources */ = {
			isa = PBXResourcesBuildPhase;
			buildActionMask = 2147483647;
			files = (
				9753BC501EFA067900593950 /* Info.plist in Resources */,
				9753BC881EFA084100593950 /* guanbi@3x.png in Resources */,
				9753BC8F1EFA084100593950 /* xuxian@2x.png in Resources */,
				970344C61F12729800BFE0F1 /* focusIndicator@2x.png in Resources */,
				9753BC811EFA084100593950 /* xuanzhuan@2x.png in Resources */,
				97ADFE561EFAC5C500C5E461 /* Assets.xcassets in Resources */,
				9753BC601EFA07FC00593950 /* AipOcrSdk.storyboard in Resources */,
				9753BC891EFA084100593950 /* paizhaoanniu@2x.png in Resources */,
				9753BC861EFA084100593950 /* dengpao_dianjihou@3x.png in Resources */,
				FFDAF4271E49C99000AB65B7 /* LaunchScreen.storyboard in Resources */,
				9753BC7E1EFA084100593950 /* guan@3x.png in Resources */,
				9753BC801EFA084100593950 /* queding@3x.png in Resources */,
				9753BC8B1EFA084100593950 /* paizhaoanniu_dianjihou@2x.png in Resources */,
				9753BC921EFA084100593950 /* Page 1@3x.png in Resources */,
				9753BC8C1EFA084100593950 /* paizhaoanniu_dianjihou@3x.png in Resources */,
				9753BC911EFA084100593950 /* Page 1@2x.png in Resources */,
				9753BC831EFA084100593950 /* dengpao@2x.png in Resources */,
				9753BC871EFA084100593950 /* guanbi@2x.png in Resources */,
				9753BC901EFA084100593950 /* xuxian@3x.png in Resources */,
				9753BC8D1EFA084100593950 /* tuku@2x.png in Resources */,
				9753BC7C1EFA084100593950 /* copyText@3x.png in Resources */,
				97ADFE4C1EFAB0E500C5E461 /* IQKeyboardManager.bundle in Resources */,
				9753BC841EFA084100593950 /* dengpao@3x.png in Resources */,
				9753BC7D1EFA084100593950 /* guan@2x.png in Resources */,
				9753BC8E1EFA084100593950 /* tuku@3x.png in Resources */,
				FFDAF4221E49C99000AB65B7 /* Main.storyboard in Resources */,
				97ADFDD31EFA5B7500C5E461 /* SVProgressHUD.bundle in Resources */,
				9753BC821EFA084100593950 /* xuanzhuan@3x.png in Resources */,
				9753BC7F1EFA084100593950 /* queding@2x.png in Resources */,
				9753BC8A1EFA084100593950 /* paizhaoanniu@3x.png in Resources */,
				9753BC851EFA084100593950 /* dengpao_dianjihou@2x.png in Resources */,
			);
			runOnlyForDeploymentPostprocessing = 0;
		};
/* End PBXResourcesBuildPhase section */

/* Begin PBXSourcesBuildPhase section */
		975215311EF9F746009272B2 /* Sources */ = {
			isa = PBXSourcesBuildPhase;
			buildActionMask = 2147483647;
			files = (
				9739D13A1F0DF43D00DEEE45 /* MMCropView.m in Sources */,
				975215391EF9F746009272B2 /* ActionViewController.m in Sources */,
				9739D1421F0DF43D00DEEE45 /* UIImage+fixOrientation.m in Sources */,
				9739D1401F0DF43D00DEEE45 /* UIColor+HexRepresentation.m in Sources */,
				9739D13E1F0DF43D00DEEE45 /* MTGeometry.c in Sources */,
				9739D1441F0DF43D00DEEE45 /* UIImageView+ContentFrame.m in Sources */,
				9739D13C1F0DF43D00DEEE45 /* MMOpenCVHelper.mm in Sources */,
				97FEE1731EFA143700D3585E /* AipCutImageEXView.m in Sources */,
				97FEE1741EFA143700D3585E /* AipImageEXView.m in Sources */,
			);
			runOnlyForDeploymentPostprocessing = 0;
		};
		FFDAF4101E49C99000AB65B7 /* Sources */ = {
			isa = PBXSourcesBuildPhase;
			buildActionMask = 2147483647;
			files = (
				970344C41F126E7F00BFE0F1 /* IPDFCameraViewController.m in Sources */,
				97ADFE401EFAB0E500C5E461 /* IQUITextFieldView+Additions.m in Sources */,
				9753BC561EFA067900593950 /* AipImageView.m in Sources */,
				9739D13B1F0DF43D00DEEE45 /* MMOpenCVHelper.mm in Sources */,
				9753BC5A1EFA067900593950 /* AipNavigationController.m in Sources */,
				9753BC521EFA067900593950 /* IOSpeScaleLayoutConstraint.m in Sources */,
				97ADFDD11EFA5B7500C5E461 /* SVIndefiniteAnimatedView.m in Sources */,
				97ADFE3E1EFAB0E500C5E461 /* IQNSArray+Sort.m in Sources */,
				9753BC551EFA067900593950 /* AipCutImageView.m in Sources */,
				97ADFE411EFAB0E500C5E461 /* IQUIView+Hierarchy.m in Sources */,
				9739D13F1F0DF43D00DEEE45 /* UIColor+HexRepresentation.m in Sources */,
				97ADFE481EFAB0E500C5E461 /* IQPreviousNextView.m in Sources */,
				9753BC581EFA067900593950 /* AipCaptureCardVC.m in Sources */,
				9739D1411F0DF43D00DEEE45 /* UIImage+fixOrientation.m in Sources */,
				97ADFDD41EFA5B7500C5E461 /* SVProgressHUD.m in Sources */,
				97ADFE441EFAB0E500C5E461 /* IQKeyboardManager.m in Sources */,
				97ADFE471EFAB0E500C5E461 /* IQBarButtonItem.m in Sources */,
				97ADFE421EFAB0E500C5E461 /* IQUIViewController+Additions.m in Sources */,
				9739D1431F0DF43D00DEEE45 /* UIImageView+ContentFrame.m in Sources */,
				97ADFDD51EFA5B7500C5E461 /* SVRadialGradientLayer.m in Sources */,
				97ADFE461EFAB0E500C5E461 /* IQTextView.m in Sources */,
				97ADFE451EFAB0E500C5E461 /* IQKeyboardReturnKeyHandler.m in Sources */,
				9753BC511EFA067900593950 /* IOSpeScaleLayoutButton.m in Sources */,
				FFDAF41F1E49C99000AB65B7 /* ViewController.m in Sources */,
				97ADFE4A1EFAB0E500C5E461 /* IQToolbar.m in Sources */,
				FFDAF41C1E49C99000AB65B7 /* AppDelegate.m in Sources */,
				9753BC531EFA067900593950 /* IOSpeScaleLayoutLabel.m in Sources */,
				9753BC541EFA067900593950 /* AipCameraPreviewView.m in Sources */,
				97ADFE431EFAB0E500C5E461 /* IQUIWindow+Hierarchy.m in Sources */,
				9739D1391F0DF43D00DEEE45 /* MMCropView.m in Sources */,
				9739D13D1F0DF43D00DEEE45 /* MTGeometry.c in Sources */,
				97ADFE491EFAB0E500C5E461 /* IQTitleBarButtonItem.m in Sources */,
				97ADFE4B1EFAB0E500C5E461 /* IQUIView+IQKeyboardToolbar.m in Sources */,
				FFDAF4191E49C99000AB65B7 /* main.m in Sources */,
				9753BC5B1EFA067900593950 /* ResultViewController.m in Sources */,
				97ADFE3F1EFAB0E500C5E461 /* IQUIScrollView+Additions.m in Sources */,
				9753BC591EFA067900593950 /* AipGeneralVC.mm in Sources */,
				9753BC571EFA067900593950 /* AipCameraController.m in Sources */,
				9753BC4F1EFA067900593950 /* AipOcrService.m in Sources */,
				97ADFDD21EFA5B7500C5E461 /* SVProgressAnimatedView.m in Sources */,
			);
			runOnlyForDeploymentPostprocessing = 0;
		};
/* End PBXSourcesBuildPhase section */

/* Begin PBXTargetDependency section */
		9752153F1EF9F746009272B2 /* PBXTargetDependency */ = {
			isa = PBXTargetDependency;
			target = 975215341EF9F746009272B2 /* PhotoInAlbumOCR */;
			targetProxy = 9752153E1EF9F746009272B2 /* PBXContainerItemProxy */;
		};
/* End PBXTargetDependency section */

/* Begin PBXVariantGroup section */
		9752153A1EF9F746009272B2 /* MainInterface.storyboard */ = {
			isa = PBXVariantGroup;
			children = (
				9752153B1EF9F746009272B2 /* Base */,
			);
			name = MainInterface.storyboard;
			sourceTree = "<group>";
		};
		FFDAF4201E49C99000AB65B7 /* Main.storyboard */ = {
			isa = PBXVariantGroup;
			children = (
				FFDAF4211E49C99000AB65B7 /* Base */,
				9727A5AA1EF513F700E63E99 /* zh-Hans */,
			);
			name = Main.storyboard;
			sourceTree = "<group>";
		};
		FFDAF4251E49C99000AB65B7 /* LaunchScreen.storyboard */ = {
			isa = PBXVariantGroup;
			children = (
				FFDAF4261E49C99000AB65B7 /* Base */,
				9727A5AB1EF513F700E63E99 /* zh-Hans */,
			);
			name = LaunchScreen.storyboard;
			sourceTree = "<group>";
		};
/* End PBXVariantGroup section */

/* Begin XCBuildConfiguration section */
		975215411EF9F746009272B2 /* Debug */ = {
			isa = XCBuildConfiguration;
			buildSettings = {
				ASSETCATALOG_COMPILER_APPICON_NAME = "AppIcon-1";
				CLANG_ANALYZER_NUMBER_OBJECT_CONVERSION = YES_AGGRESSIVE;
				CODE_SIGN_ENTITLEMENTS = PhotoInAlbumOCR/PhotoInAlbumOCR.entitlements;
				DEVELOPMENT_TEAM = 4225KQ7WC5;
				FRAMEWORK_SEARCH_PATHS = (
					"$(inherited)",
					"$(PROJECT_DIR)",
				);
				INFOPLIST_FILE = PhotoInAlbumOCR/Info.plist;
				IPHONEOS_DEPLOYMENT_TARGET = 8.0;
				LD_RUNPATH_SEARCH_PATHS = "$(inherited) @executable_path/Frameworks @executable_path/../../Frameworks";
				LIBRARY_SEARCH_PATHS = (
					"$(inherited)",
					"$(PROJECT_DIR)",
				);
				PRODUCT_BUNDLE_IDENTIFIER = com.uzero.ocrrec.PhotoInAlbumOCR;
				PRODUCT_NAME = "$(TARGET_NAME)";
				SKIP_INSTALL = YES;
			};
			name = Debug;
		};
		975215421EF9F746009272B2 /* Release */ = {
			isa = XCBuildConfiguration;
			buildSettings = {
				ASSETCATALOG_COMPILER_APPICON_NAME = "AppIcon-1";
				CLANG_ANALYZER_NUMBER_OBJECT_CONVERSION = YES_AGGRESSIVE;
				CODE_SIGN_ENTITLEMENTS = PhotoInAlbumOCR/PhotoInAlbumOCR.entitlements;
				CODE_SIGN_IDENTITY = "iPhone Developer";
				"CODE_SIGN_IDENTITY[sdk=iphoneos*]" = "iPhone Developer";
				DEVELOPMENT_TEAM = 4225KQ7WC5;
				FRAMEWORK_SEARCH_PATHS = (
					"$(inherited)",
					"$(PROJECT_DIR)",
				);
				INFOPLIST_FILE = PhotoInAlbumOCR/Info.plist;
				IPHONEOS_DEPLOYMENT_TARGET = 8.0;
				LD_RUNPATH_SEARCH_PATHS = "$(inherited) @executable_path/Frameworks @executable_path/../../Frameworks";
				LIBRARY_SEARCH_PATHS = (
					"$(inherited)",
					"$(PROJECT_DIR)",
				);
				PRODUCT_BUNDLE_IDENTIFIER = com.uzero.ocrrec.PhotoInAlbumOCR;
				PRODUCT_NAME = "$(TARGET_NAME)";
				SKIP_INSTALL = YES;
			};
			name = Release;
		};
		FFDAF4291E49C99000AB65B7 /* Debug */ = {
			isa = XCBuildConfiguration;
			buildSettings = {
				ALWAYS_SEARCH_USER_PATHS = NO;
				CLANG_ANALYZER_LOCALIZABILITY_NONLOCALIZED = YES;
				CLANG_ANALYZER_NONNULL = YES;
				CLANG_CXX_LANGUAGE_STANDARD = "gnu++0x";
				CLANG_CXX_LIBRARY = "libc++";
				CLANG_ENABLE_MODULES = YES;
				CLANG_ENABLE_OBJC_ARC = YES;
				CLANG_WARN_BOOL_CONVERSION = YES;
				CLANG_WARN_CONSTANT_CONVERSION = YES;
				CLANG_WARN_DIRECT_OBJC_ISA_USAGE = YES_ERROR;
				CLANG_WARN_DOCUMENTATION_COMMENTS = YES;
				CLANG_WARN_EMPTY_BODY = YES;
				CLANG_WARN_ENUM_CONVERSION = YES;
				CLANG_WARN_INFINITE_RECURSION = YES;
				CLANG_WARN_INT_CONVERSION = YES;
				CLANG_WARN_OBJC_ROOT_CLASS = YES_ERROR;
				CLANG_WARN_SUSPICIOUS_MOVE = YES;
				CLANG_WARN_UNREACHABLE_CODE = YES;
				CLANG_WARN__DUPLICATE_METHOD_MATCH = YES;
				"CODE_SIGN_IDENTITY[sdk=iphoneos*]" = "iPhone Developer";
				COPY_PHASE_STRIP = NO;
				DEBUG_INFORMATION_FORMAT = dwarf;
				ENABLE_BITCODE = NO;
				ENABLE_STRICT_OBJC_MSGSEND = YES;
				ENABLE_TESTABILITY = YES;
				GCC_C_LANGUAGE_STANDARD = gnu99;
				GCC_DYNAMIC_NO_PIC = NO;
				GCC_NO_COMMON_BLOCKS = YES;
				GCC_OPTIMIZATION_LEVEL = 0;
				GCC_PREPROCESSOR_DEFINITIONS = (
					"DEBUG=1",
					"$(inherited)",
				);
				GCC_WARN_64_TO_32_BIT_CONVERSION = YES;
				GCC_WARN_ABOUT_RETURN_TYPE = YES_ERROR;
				GCC_WARN_UNDECLARED_SELECTOR = YES;
				GCC_WARN_UNINITIALIZED_AUTOS = YES_AGGRESSIVE;
				GCC_WARN_UNUSED_FUNCTION = YES;
				GCC_WARN_UNUSED_VARIABLE = YES;
				IPHONEOS_DEPLOYMENT_TARGET = 8.0;
				MTL_ENABLE_DEBUG_INFO = YES;
				ONLY_ACTIVE_ARCH = YES;
				SDKROOT = iphoneos;
				TARGETED_DEVICE_FAMILY = "1,2";
			};
			name = Debug;
		};
		FFDAF42A1E49C99000AB65B7 /* Release */ = {
			isa = XCBuildConfiguration;
			buildSettings = {
				ALWAYS_SEARCH_USER_PATHS = NO;
				CLANG_ANALYZER_LOCALIZABILITY_NONLOCALIZED = YES;
				CLANG_ANALYZER_NONNULL = YES;
				CLANG_CXX_LANGUAGE_STANDARD = "gnu++0x";
				CLANG_CXX_LIBRARY = "libc++";
				CLANG_ENABLE_MODULES = YES;
				CLANG_ENABLE_OBJC_ARC = YES;
				CLANG_WARN_BOOL_CONVERSION = YES;
				CLANG_WARN_CONSTANT_CONVERSION = YES;
				CLANG_WARN_DIRECT_OBJC_ISA_USAGE = YES_ERROR;
				CLANG_WARN_DOCUMENTATION_COMMENTS = YES;
				CLANG_WARN_EMPTY_BODY = YES;
				CLANG_WARN_ENUM_CONVERSION = YES;
				CLANG_WARN_INFINITE_RECURSION = YES;
				CLANG_WARN_INT_CONVERSION = YES;
				CLANG_WARN_OBJC_ROOT_CLASS = YES_ERROR;
				CLANG_WARN_SUSPICIOUS_MOVE = YES;
				CLANG_WARN_UNREACHABLE_CODE = YES;
				CLANG_WARN__DUPLICATE_METHOD_MATCH = YES;
				"CODE_SIGN_IDENTITY[sdk=iphoneos*]" = "iPhone Developer";
				COPY_PHASE_STRIP = NO;
				DEBUG_INFORMATION_FORMAT = "dwarf-with-dsym";
				ENABLE_BITCODE = NO;
				ENABLE_NS_ASSERTIONS = NO;
				ENABLE_STRICT_OBJC_MSGSEND = YES;
				GCC_C_LANGUAGE_STANDARD = gnu99;
				GCC_NO_COMMON_BLOCKS = YES;
				GCC_WARN_64_TO_32_BIT_CONVERSION = YES;
				GCC_WARN_ABOUT_RETURN_TYPE = YES_ERROR;
				GCC_WARN_UNDECLARED_SELECTOR = YES;
				GCC_WARN_UNINITIALIZED_AUTOS = YES_AGGRESSIVE;
				GCC_WARN_UNUSED_FUNCTION = YES;
				GCC_WARN_UNUSED_VARIABLE = YES;
				IPHONEOS_DEPLOYMENT_TARGET = 8.0;
				MTL_ENABLE_DEBUG_INFO = NO;
				SDKROOT = iphoneos;
				TARGETED_DEVICE_FAMILY = "1,2";
				VALIDATE_PRODUCT = YES;
			};
			name = Release;
		};
		FFDAF42C1E49C99000AB65B7 /* Debug */ = {
			isa = XCBuildConfiguration;
			buildSettings = {
				ASSETCATALOG_COMPILER_APPICON_NAME = AppIcon;
				CODE_SIGN_ENTITLEMENTS = AipOcrDemo/AipOcrDemo.entitlements;
				"CODE_SIGN_IDENTITY[sdk=iphoneos*]" = "iPhone Developer";
				DEVELOPMENT_TEAM = 4225KQ7WC5;
				ENABLE_BITCODE = NO;
				FRAMEWORK_SEARCH_PATHS = (
					"$(inherited)",
					"$(PROJECT_DIR)/AipOcrDemo",
					"$(PROJECT_DIR)/AipOcrSdk",
					"$(PROJECT_DIR)",
					"$(PROJECT_DIR)/AipOcrDemo/AipOcrSdk",
				);
				GCC_PREFIX_HEADER = "$(SRCROOT)/AipOcrDemo/PrefixHeader.pch";
				INFOPLIST_FILE = AipOcrDemo/Info.plist;
				IPHONEOS_DEPLOYMENT_TARGET = 8.0;
				LD_RUNPATH_SEARCH_PATHS = "$(inherited) @executable_path/Frameworks";
				LIBRARY_SEARCH_PATHS = (
					"$(inherited)",
					"$(PROJECT_DIR)",
				);
				OTHER_LDFLAGS = (
					"-ObjC",
					"-lstdc++",
				);
				PRODUCT_BUNDLE_IDENTIFIER = com.uzero.ocrrec;
				PRODUCT_NAME = "$(TARGET_NAME)";
				PROVISIONING_PROFILE = "";
				PROVISIONING_PROFILE_SPECIFIER = "";
				TARGETED_DEVICE_FAMILY = 1;
			};
			name = Debug;
		};
		FFDAF42D1E49C99000AB65B7 /* Release */ = {
			isa = XCBuildConfiguration;
			buildSettings = {
				ASSETCATALOG_COMPILER_APPICON_NAME = AppIcon;
				CODE_SIGN_ENTITLEMENTS = AipOcrDemo/AipOcrDemo.entitlements;
				CODE_SIGN_IDENTITY = "iPhone Developer";
				"CODE_SIGN_IDENTITY[sdk=iphoneos*]" = "iPhone Developer";
				DEVELOPMENT_TEAM = 4225KQ7WC5;
				ENABLE_BITCODE = NO;
				FRAMEWORK_SEARCH_PATHS = (
					"$(inherited)",
					"$(PROJECT_DIR)/AipOcrDemo",
					"$(PROJECT_DIR)/AipOcrSdk",
					"$(PROJECT_DIR)",
					"$(PROJECT_DIR)/AipOcrDemo/AipOcrSdk",
				);
				GCC_PREFIX_HEADER = "$(SRCROOT)/AipOcrDemo/PrefixHeader.pch";
				INFOPLIST_FILE = AipOcrDemo/Info.plist;
				IPHONEOS_DEPLOYMENT_TARGET = 8.0;
				LD_RUNPATH_SEARCH_PATHS = "$(inherited) @executable_path/Frameworks";
				LIBRARY_SEARCH_PATHS = (
					"$(inherited)",
					"$(PROJECT_DIR)",
				);
				OTHER_LDFLAGS = (
					"-ObjC",
					"-lstdc++",
				);
				PRODUCT_BUNDLE_IDENTIFIER = com.uzero.ocrrec;
				PRODUCT_NAME = "$(TARGET_NAME)";
				PROVISIONING_PROFILE = "";
				PROVISIONING_PROFILE_SPECIFIER = "";
				TARGETED_DEVICE_FAMILY = 1;
			};
			name = Release;
		};
/* End XCBuildConfiguration section */

/* Begin XCConfigurationList section */
		975215431EF9F746009272B2 /* Build configuration list for PBXNativeTarget "PhotoInAlbumOCR" */ = {
			isa = XCConfigurationList;
			buildConfigurations = (
				975215411EF9F746009272B2 /* Debug */,
				975215421EF9F746009272B2 /* Release */,
			);
			defaultConfigurationIsVisible = 0;
			defaultConfigurationName = Release;
		};
		FFDAF40F1E49C99000AB65B7 /* Build configuration list for PBXProject "AipOcrDemo" */ = {
			isa = XCConfigurationList;
			buildConfigurations = (
				FFDAF4291E49C99000AB65B7 /* Debug */,
				FFDAF42A1E49C99000AB65B7 /* Release */,
			);
			defaultConfigurationIsVisible = 0;
			defaultConfigurationName = Release;
		};
		FFDAF42B1E49C99000AB65B7 /* Build configuration list for PBXNativeTarget "AipOcrDemo" */ = {
			isa = XCConfigurationList;
			buildConfigurations = (
				FFDAF42C1E49C99000AB65B7 /* Debug */,
				FFDAF42D1E49C99000AB65B7 /* Release */,
			);
			defaultConfigurationIsVisible = 0;
			defaultConfigurationName = Release;
		};
/* End XCConfigurationList section */
	};
	rootObject = FFDAF40C1E49C99000AB65B7 /* Project object */;
}
